
Microsoft Visual Studio Solution File, Format Version 12.00
# Visual Studio 15
VisualStudioVersion = 15.0.26730.16
MinimumVisualStudioVersion = 10.0.40219.1
Project("{FAE04EC0-301F-11D3-BF4B-00C04F79EFBC}") = "net421", "net421\net421.csproj", "{837775DD-3789-4573-B432-F45E62C0C41D}"
EndProject
Global
	GlobalSection(SolutionConfigurationPlatforms) = preSolution
		Debug|Any CPU = Debug|Any CPU
		Release|Any CPU = Release|Any CPU
	EndGlobalSection
	GlobalSection(ProjectConfigurationPlatforms) = postSolution
		{837775DD-3789-4573-B432-F45E62C0C41D}.Debug|Any CPU.ActiveCfg = Debug|Any CPU
		{837775DD-3789-4573-B432-F45E62C0C41D}.Debug|Any CPU.Build.0 = Debug|Any CPU
		{837775DD-3789-4573-B432-F45E62C0C41D}.Release|Any CPU.ActiveCfg = Release|Any CPU
		{837775DD-3789-4573-B432-F45E62C0C41D}.Release|Any CPU.Build.0 = Release|Any CPU
	EndGlobalSection
	GlobalSection(SolutionProperties) = preSolution
		HideSolutionNode = FALSE
	EndGlobalSection
	GlobalSection(ExtensibilityGlobals) = postSolution
		SolutionGuid = {AEB6A8C4-4963-447C-A5CC-4CA55F1291E8}
	EndGlobalSection
EndGlobal
