
Microsoft Visual Studio Solution File, Format Version 12.00
# Visual Studio 15
VisualStudioVersion = 15.0.26730.16
MinimumVisualStudioVersion = 10.0.40219.1
Project("{FAE04EC0-301F-11D3-BF4B-00C04F79EFBC}") = "graph361", "graph361\graph361.csproj", "{3D4DEF36-FA7B-4BCA-874E-9A034A0F7337}"
EndProject
Global
	GlobalSection(SolutionConfigurationPlatforms) = preSolution
		Debug|Any CPU = Debug|Any CPU
		Release|Any CPU = Release|Any CPU
	EndGlobalSection
	GlobalSection(ProjectConfigurationPlatforms) = postSolution
		{3D4DEF36-FA7B-4BCA-874E-9A034A0F7337}.Debug|Any CPU.ActiveCfg = Debug|Any CPU
		{3D4DEF36-FA7B-4BCA-874E-9A034A0F7337}.Debug|Any CPU.Build.0 = Debug|Any CPU
		{3D4DEF36-FA7B-4BCA-874E-9A034A0F7337}.Release|Any CPU.ActiveCfg = Release|Any CPU
		{3D4DEF36-FA7B-4BCA-874E-9A034A0F7337}.Release|Any CPU.Build.0 = Release|Any CPU
	EndGlobalSection
	GlobalSection(SolutionProperties) = preSolution
		HideSolutionNode = FALSE
	EndGlobalSection
	GlobalSection(ExtensibilityGlobals) = postSolution
		SolutionGuid = {244CE232-C01E-41E9-90B1-813589853857}
	EndGlobalSection
EndGlobal
