
Microsoft Visual Studio Solution File, Format Version 12.00
# Visual Studio 15
VisualStudioVersion = 15.0.26730.16
MinimumVisualStudioVersion = 10.0.40219.1
Project("{FAE04EC0-301F-11D3-BF4B-00C04F79EFBC}") = "db289", "db289\db289.csproj", "{A67FCC54-1F5B-4AA7-B158-B0FE1FC6B8DE}"
EndProject
Global
	GlobalSection(SolutionConfigurationPlatforms) = preSolution
		Debug|Any CPU = Debug|Any CPU
		Release|Any CPU = Release|Any CPU
	EndGlobalSection
	GlobalSection(ProjectConfigurationPlatforms) = postSolution
		{A67FCC54-1F5B-4AA7-B158-B0FE1FC6B8DE}.Debug|Any CPU.ActiveCfg = Debug|Any CPU
		{A67FCC54-1F5B-4AA7-B158-B0FE1FC6B8DE}.Debug|Any CPU.Build.0 = Debug|Any CPU
		{A67FCC54-1F5B-4AA7-B158-B0FE1FC6B8DE}.Release|Any CPU.ActiveCfg = Release|Any CPU
		{A67FCC54-1F5B-4AA7-B158-B0FE1FC6B8DE}.Release|Any CPU.Build.0 = Release|Any CPU
	EndGlobalSection
	GlobalSection(SolutionProperties) = preSolution
		HideSolutionNode = FALSE
	EndGlobalSection
	GlobalSection(ExtensibilityGlobals) = postSolution
		SolutionGuid = {F8B1FB88-4471-465B-B685-E20694549F28}
	EndGlobalSection
EndGlobal
