
Microsoft Visual Studio Solution File, Format Version 12.00
# Visual Studio 15
VisualStudioVersion = 15.0.27004.2005
MinimumVisualStudioVersion = 10.0.40219.1
Project("{FAE04EC0-301F-11D3-BF4B-00C04F79EFBC}") = "ui076", "ui076\ui076.csproj", "{346446DE-4017-4CDD-A705-D81B2D27F709}"
EndProject
Global
	GlobalSection(SolutionConfigurationPlatforms) = preSolution
		Debug|Any CPU = Debug|Any CPU
		Release|Any CPU = Release|Any CPU
	EndGlobalSection
	GlobalSection(ProjectConfigurationPlatforms) = postSolution
		{346446DE-4017-4CDD-A705-D81B2D27F709}.Debug|Any CPU.ActiveCfg = Debug|Any CPU
		{346446DE-4017-4CDD-A705-D81B2D27F709}.Debug|Any CPU.Build.0 = Debug|Any CPU
		{346446DE-4017-4CDD-A705-D81B2D27F709}.Release|Any CPU.ActiveCfg = Release|Any CPU
		{346446DE-4017-4CDD-A705-D81B2D27F709}.Release|Any CPU.Build.0 = Release|Any CPU
	EndGlobalSection
	GlobalSection(SolutionProperties) = preSolution
		HideSolutionNode = FALSE
	EndGlobalSection
	GlobalSection(ExtensibilityGlobals) = postSolution
		SolutionGuid = {0CFA0D79-7C7A-4A98-8DE3-179DD22517E1}
	EndGlobalSection
EndGlobal
