
Microsoft Visual Studio Solution File, Format Version 12.00
# Visual Studio 15
VisualStudioVersion = 15.0.26730.16
MinimumVisualStudioVersion = 10.0.40219.1
Project("{FAE04EC0-301F-11D3-BF4B-00C04F79EFBC}") = "pg129", "pg129\pg129.csproj", "{96430E79-40D4-4F48-9F82-645837658117}"
EndProject
Global
	GlobalSection(SolutionConfigurationPlatforms) = preSolution
		Debug|Any CPU = Debug|Any CPU
		Release|Any CPU = Release|Any CPU
	EndGlobalSection
	GlobalSection(ProjectConfigurationPlatforms) = postSolution
		{96430E79-40D4-4F48-9F82-645837658117}.Debug|Any CPU.ActiveCfg = Debug|Any CPU
		{96430E79-40D4-4F48-9F82-645837658117}.Debug|Any CPU.Build.0 = Debug|Any CPU
		{96430E79-40D4-4F48-9F82-645837658117}.Release|Any CPU.ActiveCfg = Release|Any CPU
		{96430E79-40D4-4F48-9F82-645837658117}.Release|Any CPU.Build.0 = Release|Any CPU
	EndGlobalSection
	GlobalSection(SolutionProperties) = preSolution
		HideSolutionNode = FALSE
	EndGlobalSection
	GlobalSection(ExtensibilityGlobals) = postSolution
		SolutionGuid = {672F86C9-652B-4098-82DE-8FEBB26C82E3}
	EndGlobalSection
EndGlobal
