
Microsoft Visual Studio Solution File, Format Version 12.00
# Visual Studio 15
VisualStudioVersion = 15.0.26730.16
MinimumVisualStudioVersion = 10.0.40219.1
Project("{FAE04EC0-301F-11D3-BF4B-00C04F79EFBC}") = "file232", "file232\file232.csproj", "{0322B3B0-8B19-485D-9CA5-0A01D3ABA25B}"
EndProject
Global
	GlobalSection(SolutionConfigurationPlatforms) = preSolution
		Debug|Any CPU = Debug|Any CPU
		Release|Any CPU = Release|Any CPU
	EndGlobalSection
	GlobalSection(ProjectConfigurationPlatforms) = postSolution
		{0322B3B0-8B19-485D-9CA5-0A01D3ABA25B}.Debug|Any CPU.ActiveCfg = Debug|Any CPU
		{0322B3B0-8B19-485D-9CA5-0A01D3ABA25B}.Debug|Any CPU.Build.0 = Debug|Any CPU
		{0322B3B0-8B19-485D-9CA5-0A01D3ABA25B}.Release|Any CPU.ActiveCfg = Release|Any CPU
		{0322B3B0-8B19-485D-9CA5-0A01D3ABA25B}.Release|Any CPU.Build.0 = Release|Any CPU
	EndGlobalSection
	GlobalSection(SolutionProperties) = preSolution
		HideSolutionNode = FALSE
	EndGlobalSection
	GlobalSection(ExtensibilityGlobals) = postSolution
		SolutionGuid = {43099969-89C9-4AEC-BA63-5B88C7A82AC9}
	EndGlobalSection
EndGlobal
