
Microsoft Visual Studio Solution File, Format Version 12.00
# Visual Studio 15
VisualStudioVersion = 15.0.26730.16
MinimumVisualStudioVersion = 10.0.40219.1
Project("{FAE04EC0-301F-11D3-BF4B-00C04F79EFBC}") = "pg202", "pg202\pg202.csproj", "{885B5201-F5A7-4062-828A-8F9D2C36E3C2}"
EndProject
Global
	GlobalSection(SolutionConfigurationPlatforms) = preSolution
		Debug|Any CPU = Debug|Any CPU
		Release|Any CPU = Release|Any CPU
	EndGlobalSection
	GlobalSection(ProjectConfigurationPlatforms) = postSolution
		{885B5201-F5A7-4062-828A-8F9D2C36E3C2}.Debug|Any CPU.ActiveCfg = Debug|Any CPU
		{885B5201-F5A7-4062-828A-8F9D2C36E3C2}.Debug|Any CPU.Build.0 = Debug|Any CPU
		{885B5201-F5A7-4062-828A-8F9D2C36E3C2}.Release|Any CPU.ActiveCfg = Release|Any CPU
		{885B5201-F5A7-4062-828A-8F9D2C36E3C2}.Release|Any CPU.Build.0 = Release|Any CPU
	EndGlobalSection
	GlobalSection(SolutionProperties) = preSolution
		HideSolutionNode = FALSE
	EndGlobalSection
	GlobalSection(ExtensibilityGlobals) = postSolution
		SolutionGuid = {F11679CE-6E38-4588-B447-8BAD5FE1030F}
	EndGlobalSection
EndGlobal
