
Microsoft Visual Studio Solution File, Format Version 12.00
# Visual Studio 15
VisualStudioVersion = 15.0.26730.16
MinimumVisualStudioVersion = 10.0.40219.1
Project("{FAE04EC0-301F-11D3-BF4B-00C04F79EFBC}") = "string210", "string210\string210.csproj", "{B7284538-FE33-4162-8B93-D366E65F8A81}"
EndProject
Global
	GlobalSection(SolutionConfigurationPlatforms) = preSolution
		Debug|Any CPU = Debug|Any CPU
		Release|Any CPU = Release|Any CPU
	EndGlobalSection
	GlobalSection(ProjectConfigurationPlatforms) = postSolution
		{B7284538-FE33-4162-8B93-D366E65F8A81}.Debug|Any CPU.ActiveCfg = Debug|Any CPU
		{B7284538-FE33-4162-8B93-D366E65F8A81}.Debug|Any CPU.Build.0 = Debug|Any CPU
		{B7284538-FE33-4162-8B93-D366E65F8A81}.Release|Any CPU.ActiveCfg = Release|Any CPU
		{B7284538-FE33-4162-8B93-D366E65F8A81}.Release|Any CPU.Build.0 = Release|Any CPU
	EndGlobalSection
	GlobalSection(SolutionProperties) = preSolution
		HideSolutionNode = FALSE
	EndGlobalSection
	GlobalSection(ExtensibilityGlobals) = postSolution
		SolutionGuid = {5A8B3914-C020-4173-91D3-E86C5B8C3AC4}
	EndGlobalSection
EndGlobal
