
Microsoft Visual Studio Solution File, Format Version 12.00
# Visual Studio 15
VisualStudioVersion = 15.0.26730.16
MinimumVisualStudioVersion = 10.0.40219.1
Project("{FAE04EC0-301F-11D3-BF4B-00C04F79EFBC}") = "pg173", "pg173\pg173.csproj", "{0129E756-1382-4BF9-9CA3-613904BFD02B}"
EndProject
Global
	GlobalSection(SolutionConfigurationPlatforms) = preSolution
		Debug|Any CPU = Debug|Any CPU
		Release|Any CPU = Release|Any CPU
	EndGlobalSection
	GlobalSection(ProjectConfigurationPlatforms) = postSolution
		{0129E756-1382-4BF9-9CA3-613904BFD02B}.Debug|Any CPU.ActiveCfg = Debug|Any CPU
		{0129E756-1382-4BF9-9CA3-613904BFD02B}.Debug|Any CPU.Build.0 = Debug|Any CPU
		{0129E756-1382-4BF9-9CA3-613904BFD02B}.Release|Any CPU.ActiveCfg = Release|Any CPU
		{0129E756-1382-4BF9-9CA3-613904BFD02B}.Release|Any CPU.Build.0 = Release|Any CPU
	EndGlobalSection
	GlobalSection(SolutionProperties) = preSolution
		HideSolutionNode = FALSE
	EndGlobalSection
	GlobalSection(ExtensibilityGlobals) = postSolution
		SolutionGuid = {8658122F-DE96-41CE-B03C-EF9F9B41AB3C}
	EndGlobalSection
EndGlobal
