
Microsoft Visual Studio Solution File, Format Version 12.00
# Visual Studio 15
VisualStudioVersion = 15.0.27130.2010
MinimumVisualStudioVersion = 10.0.40219.1
Project("{FAE04EC0-301F-11D3-BF4B-00C04F79EFBC}") = "web470", "web470\web470.csproj", "{40E0F793-17D1-448F-B61E-27DD838C53E1}"
EndProject
Project("{FAE04EC0-301F-11D3-BF4B-00C04F79EFBC}") = "client", "client\client.csproj", "{5BBDCC41-B298-4A37-BC27-FBB1DF17E459}"
EndProject
Global
	GlobalSection(SolutionConfigurationPlatforms) = preSolution
		Debug|Any CPU = Debug|Any CPU
		Release|Any CPU = Release|Any CPU
	EndGlobalSection
	GlobalSection(ProjectConfigurationPlatforms) = postSolution
		{40E0F793-17D1-448F-B61E-27DD838C53E1}.Debug|Any CPU.ActiveCfg = Debug|Any CPU
		{40E0F793-17D1-448F-B61E-27DD838C53E1}.Debug|Any CPU.Build.0 = Debug|Any CPU
		{40E0F793-17D1-448F-B61E-27DD838C53E1}.Release|Any CPU.ActiveCfg = Release|Any CPU
		{40E0F793-17D1-448F-B61E-27DD838C53E1}.Release|Any CPU.Build.0 = Release|Any CPU
		{5BBDCC41-B298-4A37-BC27-FBB1DF17E459}.Debug|Any CPU.ActiveCfg = Debug|Any CPU
		{5BBDCC41-B298-4A37-BC27-FBB1DF17E459}.Debug|Any CPU.Build.0 = Debug|Any CPU
		{5BBDCC41-B298-4A37-BC27-FBB1DF17E459}.Release|Any CPU.ActiveCfg = Release|Any CPU
		{5BBDCC41-B298-4A37-BC27-FBB1DF17E459}.Release|Any CPU.Build.0 = Release|Any CPU
	EndGlobalSection
	GlobalSection(SolutionProperties) = preSolution
		HideSolutionNode = FALSE
	EndGlobalSection
	GlobalSection(ExtensibilityGlobals) = postSolution
		SolutionGuid = {1BDBAC95-4300-40FE-BE5C-97B99A1E6031}
	EndGlobalSection
EndGlobal
