
Microsoft Visual Studio Solution File, Format Version 12.00
# Visual Studio 15
VisualStudioVersion = 15.0.26730.16
MinimumVisualStudioVersion = 10.0.40219.1
Project("{FAE04EC0-301F-11D3-BF4B-00C04F79EFBC}") = "db282", "db282\db282.csproj", "{97041A0B-5DBC-4EC6-B777-84FD52E8DF1F}"
EndProject
Global
	GlobalSection(SolutionConfigurationPlatforms) = preSolution
		Debug|Any CPU = Debug|Any CPU
		Release|Any CPU = Release|Any CPU
	EndGlobalSection
	GlobalSection(ProjectConfigurationPlatforms) = postSolution
		{97041A0B-5DBC-4EC6-B777-84FD52E8DF1F}.Debug|Any CPU.ActiveCfg = Debug|Any CPU
		{97041A0B-5DBC-4EC6-B777-84FD52E8DF1F}.Debug|Any CPU.Build.0 = Debug|Any CPU
		{97041A0B-5DBC-4EC6-B777-84FD52E8DF1F}.Release|Any CPU.ActiveCfg = Release|Any CPU
		{97041A0B-5DBC-4EC6-B777-84FD52E8DF1F}.Release|Any CPU.Build.0 = Release|Any CPU
	EndGlobalSection
	GlobalSection(SolutionProperties) = preSolution
		HideSolutionNode = FALSE
	EndGlobalSection
	GlobalSection(ExtensibilityGlobals) = postSolution
		SolutionGuid = {6BFBB602-9D01-4093-BC4C-7F5C0CE86FB2}
	EndGlobalSection
EndGlobal
