
Microsoft Visual Studio Solution File, Format Version 12.00
# Visual Studio 15
VisualStudioVersion = 15.0.26730.16
MinimumVisualStudioVersion = 10.0.40219.1
Project("{FAE04EC0-301F-11D3-BF4B-00C04F79EFBC}") = "debug337", "debug337\debug337.csproj", "{2DF49B42-0762-48A5-8F2B-0201F58D7692}"
EndProject
Global
	GlobalSection(SolutionConfigurationPlatforms) = preSolution
		Debug|Any CPU = Debug|Any CPU
		Release|Any CPU = Release|Any CPU
	EndGlobalSection
	GlobalSection(ProjectConfigurationPlatforms) = postSolution
		{2DF49B42-0762-48A5-8F2B-0201F58D7692}.Debug|Any CPU.ActiveCfg = Debug|Any CPU
		{2DF49B42-0762-48A5-8F2B-0201F58D7692}.Debug|Any CPU.Build.0 = Debug|Any CPU
		{2DF49B42-0762-48A5-8F2B-0201F58D7692}.Release|Any CPU.ActiveCfg = Release|Any CPU
		{2DF49B42-0762-48A5-8F2B-0201F58D7692}.Release|Any CPU.Build.0 = Release|Any CPU
	EndGlobalSection
	GlobalSection(SolutionProperties) = preSolution
		HideSolutionNode = FALSE
	EndGlobalSection
	GlobalSection(ExtensibilityGlobals) = postSolution
		SolutionGuid = {D9BE8B0A-E482-41F4-A8EA-C1CC8963F317}
	EndGlobalSection
EndGlobal
