
Microsoft Visual Studio Solution File, Format Version 12.00
# Visual Studio 15
VisualStudioVersion = 15.0.26730.16
MinimumVisualStudioVersion = 10.0.40219.1
Project("{FAE04EC0-301F-11D3-BF4B-00C04F79EFBC}") = "file243", "file243\file243.csproj", "{C7245A8B-1EB6-40A7-8BE7-BF956D5A6789}"
EndProject
Global
	GlobalSection(SolutionConfigurationPlatforms) = preSolution
		Debug|Any CPU = Debug|Any CPU
		Release|Any CPU = Release|Any CPU
	EndGlobalSection
	GlobalSection(ProjectConfigurationPlatforms) = postSolution
		{C7245A8B-1EB6-40A7-8BE7-BF956D5A6789}.Debug|Any CPU.ActiveCfg = Debug|Any CPU
		{C7245A8B-1EB6-40A7-8BE7-BF956D5A6789}.Debug|Any CPU.Build.0 = Debug|Any CPU
		{C7245A8B-1EB6-40A7-8BE7-BF956D5A6789}.Release|Any CPU.ActiveCfg = Release|Any CPU
		{C7245A8B-1EB6-40A7-8BE7-BF956D5A6789}.Release|Any CPU.Build.0 = Release|Any CPU
	EndGlobalSection
	GlobalSection(SolutionProperties) = preSolution
		HideSolutionNode = FALSE
	EndGlobalSection
	GlobalSection(ExtensibilityGlobals) = postSolution
		SolutionGuid = {CAEB375C-2A78-4D0B-83CC-E2965111AB0E}
	EndGlobalSection
EndGlobal
