
Microsoft Visual Studio Solution File, Format Version 12.00
# Visual Studio 15
VisualStudioVersion = 15.0.26730.16
MinimumVisualStudioVersion = 10.0.40219.1
Project("{FAE04EC0-301F-11D3-BF4B-00C04F79EFBC}") = "blend409", "blend409\blend409.csproj", "{951B2DB6-A2CB-4CD4-AD75-86162A7E257E}"
EndProject
Global
	GlobalSection(SolutionConfigurationPlatforms) = preSolution
		Debug|Any CPU = Debug|Any CPU
		Release|Any CPU = Release|Any CPU
	EndGlobalSection
	GlobalSection(ProjectConfigurationPlatforms) = postSolution
		{951B2DB6-A2CB-4CD4-AD75-86162A7E257E}.Debug|Any CPU.ActiveCfg = Debug|Any CPU
		{951B2DB6-A2CB-4CD4-AD75-86162A7E257E}.Debug|Any CPU.Build.0 = Debug|Any CPU
		{951B2DB6-A2CB-4CD4-AD75-86162A7E257E}.Release|Any CPU.ActiveCfg = Release|Any CPU
		{951B2DB6-A2CB-4CD4-AD75-86162A7E257E}.Release|Any CPU.Build.0 = Release|Any CPU
	EndGlobalSection
	GlobalSection(SolutionProperties) = preSolution
		HideSolutionNode = FALSE
	EndGlobalSection
	GlobalSection(ExtensibilityGlobals) = postSolution
		SolutionGuid = {947A05EC-3976-4E73-97EC-DD8831EDFB0D}
	EndGlobalSection
EndGlobal
