
Microsoft Visual Studio Solution File, Format Version 12.00
# Visual Studio 15
VisualStudioVersion = 15.0.27004.2005
MinimumVisualStudioVersion = 10.0.40219.1
Project("{FAE04EC0-301F-11D3-BF4B-00C04F79EFBC}") = "ui072", "ui072\ui072.csproj", "{5BE7D990-33F6-4447-BD97-25C1734F2D4D}"
EndProject
Global
	GlobalSection(SolutionConfigurationPlatforms) = preSolution
		Debug|Any CPU = Debug|Any CPU
		Release|Any CPU = Release|Any CPU
	EndGlobalSection
	GlobalSection(ProjectConfigurationPlatforms) = postSolution
		{5BE7D990-33F6-4447-BD97-25C1734F2D4D}.Debug|Any CPU.ActiveCfg = Debug|Any CPU
		{5BE7D990-33F6-4447-BD97-25C1734F2D4D}.Debug|Any CPU.Build.0 = Debug|Any CPU
		{5BE7D990-33F6-4447-BD97-25C1734F2D4D}.Release|Any CPU.ActiveCfg = Release|Any CPU
		{5BE7D990-33F6-4447-BD97-25C1734F2D4D}.Release|Any CPU.Build.0 = Release|Any CPU
	EndGlobalSection
	GlobalSection(SolutionProperties) = preSolution
		HideSolutionNode = FALSE
	EndGlobalSection
	GlobalSection(ExtensibilityGlobals) = postSolution
		SolutionGuid = {D501B40B-C580-47A8-B529-6BBD1FF8FFA2}
	EndGlobalSection
EndGlobal
