
Microsoft Visual Studio Solution File, Format Version 12.00
# Visual Studio 15
VisualStudioVersion = 15.0.26730.16
MinimumVisualStudioVersion = 10.0.40219.1
Project("{FAE04EC0-301F-11D3-BF4B-00C04F79EFBC}") = "pg178", "pg178\pg178.csproj", "{D745559D-F9EF-47BC-8D4F-2D9BDB6152ED}"
EndProject
Global
	GlobalSection(SolutionConfigurationPlatforms) = preSolution
		Debug|Any CPU = Debug|Any CPU
		Release|Any CPU = Release|Any CPU
	EndGlobalSection
	GlobalSection(ProjectConfigurationPlatforms) = postSolution
		{D745559D-F9EF-47BC-8D4F-2D9BDB6152ED}.Debug|Any CPU.ActiveCfg = Debug|Any CPU
		{D745559D-F9EF-47BC-8D4F-2D9BDB6152ED}.Debug|Any CPU.Build.0 = Debug|Any CPU
		{D745559D-F9EF-47BC-8D4F-2D9BDB6152ED}.Release|Any CPU.ActiveCfg = Release|Any CPU
		{D745559D-F9EF-47BC-8D4F-2D9BDB6152ED}.Release|Any CPU.Build.0 = Release|Any CPU
	EndGlobalSection
	GlobalSection(SolutionProperties) = preSolution
		HideSolutionNode = FALSE
	EndGlobalSection
	GlobalSection(ExtensibilityGlobals) = postSolution
		SolutionGuid = {B536F746-4419-4D94-A8FC-62B11F5CE3D0}
	EndGlobalSection
EndGlobal
