
Microsoft Visual Studio Solution File, Format Version 12.00
# Visual Studio 15
VisualStudioVersion = 15.0.26730.16
MinimumVisualStudioVersion = 10.0.40219.1
Project("{FAE04EC0-301F-11D3-BF4B-00C04F79EFBC}") = "string218", "string218\string218.csproj", "{D6BC4F86-602B-4A0E-A611-8546AC572764}"
EndProject
Global
	GlobalSection(SolutionConfigurationPlatforms) = preSolution
		Debug|Any CPU = Debug|Any CPU
		Release|Any CPU = Release|Any CPU
	EndGlobalSection
	GlobalSection(ProjectConfigurationPlatforms) = postSolution
		{D6BC4F86-602B-4A0E-A611-8546AC572764}.Debug|Any CPU.ActiveCfg = Debug|Any CPU
		{D6BC4F86-602B-4A0E-A611-8546AC572764}.Debug|Any CPU.Build.0 = Debug|Any CPU
		{D6BC4F86-602B-4A0E-A611-8546AC572764}.Release|Any CPU.ActiveCfg = Release|Any CPU
		{D6BC4F86-602B-4A0E-A611-8546AC572764}.Release|Any CPU.Build.0 = Release|Any CPU
	EndGlobalSection
	GlobalSection(SolutionProperties) = preSolution
		HideSolutionNode = FALSE
	EndGlobalSection
	GlobalSection(ExtensibilityGlobals) = postSolution
		SolutionGuid = {3009BC05-93FF-4BD7-83ED-E5B9BEC2BB78}
	EndGlobalSection
EndGlobal
