
Microsoft Visual Studio Solution File, Format Version 12.00
# Visual Studio 15
VisualStudioVersion = 15.0.27004.2009
MinimumVisualStudioVersion = 10.0.40219.1
Project("{FAE04EC0-301F-11D3-BF4B-00C04F79EFBC}") = "web435", "web435\web435.csproj", "{86EF7F6F-B483-4D6F-8073-EA698FBA9855}"
EndProject
Global
	GlobalSection(SolutionConfigurationPlatforms) = preSolution
		Debug|Any CPU = Debug|Any CPU
		Release|Any CPU = Release|Any CPU
	EndGlobalSection
	GlobalSection(ProjectConfigurationPlatforms) = postSolution
		{86EF7F6F-B483-4D6F-8073-EA698FBA9855}.Debug|Any CPU.ActiveCfg = Debug|Any CPU
		{86EF7F6F-B483-4D6F-8073-EA698FBA9855}.Debug|Any CPU.Build.0 = Debug|Any CPU
		{86EF7F6F-B483-4D6F-8073-EA698FBA9855}.Release|Any CPU.ActiveCfg = Release|Any CPU
		{86EF7F6F-B483-4D6F-8073-EA698FBA9855}.Release|Any CPU.Build.0 = Release|Any CPU
	EndGlobalSection
	GlobalSection(SolutionProperties) = preSolution
		HideSolutionNode = FALSE
	EndGlobalSection
	GlobalSection(ExtensibilityGlobals) = postSolution
		SolutionGuid = {14BF73C5-ADC6-4A3D-8665-5563F6CE7C80}
	EndGlobalSection
EndGlobal
