
Microsoft Visual Studio Solution File, Format Version 12.00
# Visual Studio 15
VisualStudioVersion = 15.0.26730.16
MinimumVisualStudioVersion = 10.0.40219.1
Project("{FAE04EC0-301F-11D3-BF4B-00C04F79EFBC}") = "string209", "string209\string209.csproj", "{36D90776-9C40-47A7-A8E6-18ED23A640DA}"
EndProject
Global
	GlobalSection(SolutionConfigurationPlatforms) = preSolution
		Debug|Any CPU = Debug|Any CPU
		Release|Any CPU = Release|Any CPU
	EndGlobalSection
	GlobalSection(ProjectConfigurationPlatforms) = postSolution
		{36D90776-9C40-47A7-A8E6-18ED23A640DA}.Debug|Any CPU.ActiveCfg = Debug|Any CPU
		{36D90776-9C40-47A7-A8E6-18ED23A640DA}.Debug|Any CPU.Build.0 = Debug|Any CPU
		{36D90776-9C40-47A7-A8E6-18ED23A640DA}.Release|Any CPU.ActiveCfg = Release|Any CPU
		{36D90776-9C40-47A7-A8E6-18ED23A640DA}.Release|Any CPU.Build.0 = Release|Any CPU
	EndGlobalSection
	GlobalSection(SolutionProperties) = preSolution
		HideSolutionNode = FALSE
	EndGlobalSection
	GlobalSection(ExtensibilityGlobals) = postSolution
		SolutionGuid = {B5E368DF-AFB3-4311-A316-1905FD10AF0A}
	EndGlobalSection
EndGlobal
