
Microsoft Visual Studio Solution File, Format Version 12.00
# Visual Studio 15
VisualStudioVersion = 15.0.26730.16
MinimumVisualStudioVersion = 10.0.40219.1
Project("{FAE04EC0-301F-11D3-BF4B-00C04F79EFBC}") = "wpf394", "wpf394\wpf394.csproj", "{7479A9F2-3263-41DB-A8EF-E29959364986}"
EndProject
Global
	GlobalSection(SolutionConfigurationPlatforms) = preSolution
		Debug|Any CPU = Debug|Any CPU
		Release|Any CPU = Release|Any CPU
	EndGlobalSection
	GlobalSection(ProjectConfigurationPlatforms) = postSolution
		{7479A9F2-3263-41DB-A8EF-E29959364986}.Debug|Any CPU.ActiveCfg = Debug|Any CPU
		{7479A9F2-3263-41DB-A8EF-E29959364986}.Debug|Any CPU.Build.0 = Debug|Any CPU
		{7479A9F2-3263-41DB-A8EF-E29959364986}.Release|Any CPU.ActiveCfg = Release|Any CPU
		{7479A9F2-3263-41DB-A8EF-E29959364986}.Release|Any CPU.Build.0 = Release|Any CPU
	EndGlobalSection
	GlobalSection(SolutionProperties) = preSolution
		HideSolutionNode = FALSE
	EndGlobalSection
	GlobalSection(ExtensibilityGlobals) = postSolution
		SolutionGuid = {C7DD2A6E-1819-459A-BF56-C55F6DF108F1}
	EndGlobalSection
EndGlobal
