
Microsoft Visual Studio Solution File, Format Version 12.00
# Visual Studio 15
VisualStudioVersion = 15.0.26730.16
MinimumVisualStudioVersion = 10.0.40219.1
Project("{FAE04EC0-301F-11D3-BF4B-00C04F79EFBC}") = "app474", "app474\app474.csproj", "{70F22A45-9948-48A2-BCD0-2FE475F86D68}"
EndProject
Global
	GlobalSection(SolutionConfigurationPlatforms) = preSolution
		Debug|Any CPU = Debug|Any CPU
		Release|Any CPU = Release|Any CPU
	EndGlobalSection
	GlobalSection(ProjectConfigurationPlatforms) = postSolution
		{70F22A45-9948-48A2-BCD0-2FE475F86D68}.Debug|Any CPU.ActiveCfg = Debug|Any CPU
		{70F22A45-9948-48A2-BCD0-2FE475F86D68}.Debug|Any CPU.Build.0 = Debug|Any CPU
		{70F22A45-9948-48A2-BCD0-2FE475F86D68}.Release|Any CPU.ActiveCfg = Release|Any CPU
		{70F22A45-9948-48A2-BCD0-2FE475F86D68}.Release|Any CPU.Build.0 = Release|Any CPU
	EndGlobalSection
	GlobalSection(SolutionProperties) = preSolution
		HideSolutionNode = FALSE
	EndGlobalSection
	GlobalSection(ExtensibilityGlobals) = postSolution
		SolutionGuid = {4E90D1F3-77C7-4D5D-82B7-2FA444086324}
	EndGlobalSection
EndGlobal
