
Microsoft Visual Studio Solution File, Format Version 12.00
# Visual Studio 15
VisualStudioVersion = 15.0.27004.2005
MinimumVisualStudioVersion = 10.0.40219.1
Project("{FAE04EC0-301F-11D3-BF4B-00C04F79EFBC}") = "ui067", "ui067\ui067.csproj", "{B3630B15-EB9F-4066-B35A-37BEA362E329}"
EndProject
Global
	GlobalSection(SolutionConfigurationPlatforms) = preSolution
		Debug|Any CPU = Debug|Any CPU
		Release|Any CPU = Release|Any CPU
	EndGlobalSection
	GlobalSection(ProjectConfigurationPlatforms) = postSolution
		{B3630B15-EB9F-4066-B35A-37BEA362E329}.Debug|Any CPU.ActiveCfg = Debug|Any CPU
		{B3630B15-EB9F-4066-B35A-37BEA362E329}.Debug|Any CPU.Build.0 = Debug|Any CPU
		{B3630B15-EB9F-4066-B35A-37BEA362E329}.Release|Any CPU.ActiveCfg = Release|Any CPU
		{B3630B15-EB9F-4066-B35A-37BEA362E329}.Release|Any CPU.Build.0 = Release|Any CPU
	EndGlobalSection
	GlobalSection(SolutionProperties) = preSolution
		HideSolutionNode = FALSE
	EndGlobalSection
	GlobalSection(ExtensibilityGlobals) = postSolution
		SolutionGuid = {BB6AC8F3-FCBB-4E74-ACC6-EBF5655BB681}
	EndGlobalSection
EndGlobal
