
Microsoft Visual Studio Solution File, Format Version 12.00
# Visual Studio 15
VisualStudioVersion = 15.0.26730.16
MinimumVisualStudioVersion = 10.0.40219.1
Project("{FAE04EC0-301F-11D3-BF4B-00C04F79EFBC}") = "pg195", "pg195\pg195.csproj", "{0394C75D-784F-4F45-A5A8-9210CC57F75A}"
EndProject
Global
	GlobalSection(SolutionConfigurationPlatforms) = preSolution
		Debug|Any CPU = Debug|Any CPU
		Release|Any CPU = Release|Any CPU
	EndGlobalSection
	GlobalSection(ProjectConfigurationPlatforms) = postSolution
		{0394C75D-784F-4F45-A5A8-9210CC57F75A}.Debug|Any CPU.ActiveCfg = Debug|Any CPU
		{0394C75D-784F-4F45-A5A8-9210CC57F75A}.Debug|Any CPU.Build.0 = Debug|Any CPU
		{0394C75D-784F-4F45-A5A8-9210CC57F75A}.Release|Any CPU.ActiveCfg = Release|Any CPU
		{0394C75D-784F-4F45-A5A8-9210CC57F75A}.Release|Any CPU.Build.0 = Release|Any CPU
	EndGlobalSection
	GlobalSection(SolutionProperties) = preSolution
		HideSolutionNode = FALSE
	EndGlobalSection
	GlobalSection(ExtensibilityGlobals) = postSolution
		SolutionGuid = {E55633D3-F2E5-43C9-A4E2-85BCF797E24E}
	EndGlobalSection
EndGlobal
