
Microsoft Visual Studio Solution File, Format Version 12.00
# Visual Studio 15
VisualStudioVersion = 15.0.26730.16
MinimumVisualStudioVersion = 10.0.40219.1
Project("{FAE04EC0-301F-11D3-BF4B-00C04F79EFBC}") = "db256", "db256\db256.csproj", "{816B6FF8-C7AE-4134-B00D-A2346107DB76}"
EndProject
Global
	GlobalSection(SolutionConfigurationPlatforms) = preSolution
		Debug|Any CPU = Debug|Any CPU
		Release|Any CPU = Release|Any CPU
	EndGlobalSection
	GlobalSection(ProjectConfigurationPlatforms) = postSolution
		{816B6FF8-C7AE-4134-B00D-A2346107DB76}.Debug|Any CPU.ActiveCfg = Debug|Any CPU
		{816B6FF8-C7AE-4134-B00D-A2346107DB76}.Debug|Any CPU.Build.0 = Debug|Any CPU
		{816B6FF8-C7AE-4134-B00D-A2346107DB76}.Release|Any CPU.ActiveCfg = Release|Any CPU
		{816B6FF8-C7AE-4134-B00D-A2346107DB76}.Release|Any CPU.Build.0 = Release|Any CPU
	EndGlobalSection
	GlobalSection(SolutionProperties) = preSolution
		HideSolutionNode = FALSE
	EndGlobalSection
	GlobalSection(ExtensibilityGlobals) = postSolution
		SolutionGuid = {1043E742-2313-41BE-B16E-FE1495C6A545}
	EndGlobalSection
EndGlobal
