
Microsoft Visual Studio Solution File, Format Version 12.00
# Visual Studio 15
VisualStudioVersion = 15.0.27004.2009
MinimumVisualStudioVersion = 10.0.40219.1
Project("{FAE04EC0-301F-11D3-BF4B-00C04F79EFBC}") = "iot486", "iot486\iot486.csproj", "{00091743-871A-4193-B5E2-03531F7F635A}"
EndProject
Global
	GlobalSection(SolutionConfigurationPlatforms) = preSolution
		Debug|ARM = Debug|ARM
		Debug|x64 = Debug|x64
		Debug|x86 = Debug|x86
		Release|ARM = Release|ARM
		Release|x64 = Release|x64
		Release|x86 = Release|x86
	EndGlobalSection
	GlobalSection(ProjectConfigurationPlatforms) = postSolution
		{00091743-871A-4193-B5E2-03531F7F635A}.Debug|ARM.ActiveCfg = Debug|ARM
		{00091743-871A-4193-B5E2-03531F7F635A}.Debug|ARM.Build.0 = Debug|ARM
		{00091743-871A-4193-B5E2-03531F7F635A}.Debug|ARM.Deploy.0 = Debug|ARM
		{00091743-871A-4193-B5E2-03531F7F635A}.Debug|x64.ActiveCfg = Debug|x64
		{00091743-871A-4193-B5E2-03531F7F635A}.Debug|x64.Build.0 = Debug|x64
		{00091743-871A-4193-B5E2-03531F7F635A}.Debug|x64.Deploy.0 = Debug|x64
		{00091743-871A-4193-B5E2-03531F7F635A}.Debug|x86.ActiveCfg = Debug|x86
		{00091743-871A-4193-B5E2-03531F7F635A}.Debug|x86.Build.0 = Debug|x86
		{00091743-871A-4193-B5E2-03531F7F635A}.Debug|x86.Deploy.0 = Debug|x86
		{00091743-871A-4193-B5E2-03531F7F635A}.Release|ARM.ActiveCfg = Release|ARM
		{00091743-871A-4193-B5E2-03531F7F635A}.Release|ARM.Build.0 = Release|ARM
		{00091743-871A-4193-B5E2-03531F7F635A}.Release|ARM.Deploy.0 = Release|ARM
		{00091743-871A-4193-B5E2-03531F7F635A}.Release|x64.ActiveCfg = Release|x64
		{00091743-871A-4193-B5E2-03531F7F635A}.Release|x64.Build.0 = Release|x64
		{00091743-871A-4193-B5E2-03531F7F635A}.Release|x64.Deploy.0 = Release|x64
		{00091743-871A-4193-B5E2-03531F7F635A}.Release|x86.ActiveCfg = Release|x86
		{00091743-871A-4193-B5E2-03531F7F635A}.Release|x86.Build.0 = Release|x86
		{00091743-871A-4193-B5E2-03531F7F635A}.Release|x86.Deploy.0 = Release|x86
	EndGlobalSection
	GlobalSection(SolutionProperties) = preSolution
		HideSolutionNode = FALSE
	EndGlobalSection
	GlobalSection(ExtensibilityGlobals) = postSolution
		SolutionGuid = {3E916D23-5E99-46EA-94DF-F2F4A2B535A1}
	EndGlobalSection
EndGlobal
