
Microsoft Visual Studio Solution File, Format Version 12.00
# Visual Studio 15
VisualStudioVersion = 15.0.27004.2005
MinimumVisualStudioVersion = 10.0.40219.1
Project("{FAE04EC0-301F-11D3-BF4B-00C04F79EFBC}") = "ui044", "ui044\ui044.csproj", "{940680D6-A9E8-4E39-8C6E-B47ED94217CB}"
EndProject
Global
	GlobalSection(SolutionConfigurationPlatforms) = preSolution
		Debug|Any CPU = Debug|Any CPU
		Release|Any CPU = Release|Any CPU
	EndGlobalSection
	GlobalSection(ProjectConfigurationPlatforms) = postSolution
		{940680D6-A9E8-4E39-8C6E-B47ED94217CB}.Debug|Any CPU.ActiveCfg = Debug|Any CPU
		{940680D6-A9E8-4E39-8C6E-B47ED94217CB}.Debug|Any CPU.Build.0 = Debug|Any CPU
		{940680D6-A9E8-4E39-8C6E-B47ED94217CB}.Release|Any CPU.ActiveCfg = Release|Any CPU
		{940680D6-A9E8-4E39-8C6E-B47ED94217CB}.Release|Any CPU.Build.0 = Release|Any CPU
	EndGlobalSection
	GlobalSection(SolutionProperties) = preSolution
		HideSolutionNode = FALSE
	EndGlobalSection
	GlobalSection(ExtensibilityGlobals) = postSolution
		SolutionGuid = {02BF7AA9-980A-4CAE-B2FD-1F5C3F673A2A}
	EndGlobalSection
EndGlobal
