
Microsoft Visual Studio Solution File, Format Version 12.00
# Visual Studio 15
VisualStudioVersion = 15.0.26730.16
MinimumVisualStudioVersion = 10.0.40219.1
Project("{FAE04EC0-301F-11D3-BF4B-00C04F79EFBC}") = "pg139", "pg139\pg139.csproj", "{895612A8-A918-4122-9983-2AA12DFC5189}"
EndProject
Global
	GlobalSection(SolutionConfigurationPlatforms) = preSolution
		Debug|Any CPU = Debug|Any CPU
		Release|Any CPU = Release|Any CPU
	EndGlobalSection
	GlobalSection(ProjectConfigurationPlatforms) = postSolution
		{895612A8-A918-4122-9983-2AA12DFC5189}.Debug|Any CPU.ActiveCfg = Debug|Any CPU
		{895612A8-A918-4122-9983-2AA12DFC5189}.Debug|Any CPU.Build.0 = Debug|Any CPU
		{895612A8-A918-4122-9983-2AA12DFC5189}.Release|Any CPU.ActiveCfg = Release|Any CPU
		{895612A8-A918-4122-9983-2AA12DFC5189}.Release|Any CPU.Build.0 = Release|Any CPU
	EndGlobalSection
	GlobalSection(SolutionProperties) = preSolution
		HideSolutionNode = FALSE
	EndGlobalSection
	GlobalSection(ExtensibilityGlobals) = postSolution
		SolutionGuid = {552AE923-1C96-407C-87FE-E7054331C7BE}
	EndGlobalSection
EndGlobal
