
Microsoft Visual Studio Solution File, Format Version 12.00
# Visual Studio 15
VisualStudioVersion = 15.0.26730.16
MinimumVisualStudioVersion = 10.0.40219.1
Project("{FAE04EC0-301F-11D3-BF4B-00C04F79EFBC}") = "wpf400", "wpf400\wpf400.csproj", "{A04E593B-92FD-4A74-B6EE-E1B23148710F}"
EndProject
Global
	GlobalSection(SolutionConfigurationPlatforms) = preSolution
		Debug|Any CPU = Debug|Any CPU
		Release|Any CPU = Release|Any CPU
	EndGlobalSection
	GlobalSection(ProjectConfigurationPlatforms) = postSolution
		{A04E593B-92FD-4A74-B6EE-E1B23148710F}.Debug|Any CPU.ActiveCfg = Debug|Any CPU
		{A04E593B-92FD-4A74-B6EE-E1B23148710F}.Debug|Any CPU.Build.0 = Debug|Any CPU
		{A04E593B-92FD-4A74-B6EE-E1B23148710F}.Release|Any CPU.ActiveCfg = Release|Any CPU
		{A04E593B-92FD-4A74-B6EE-E1B23148710F}.Release|Any CPU.Build.0 = Release|Any CPU
	EndGlobalSection
	GlobalSection(SolutionProperties) = preSolution
		HideSolutionNode = FALSE
	EndGlobalSection
	GlobalSection(ExtensibilityGlobals) = postSolution
		SolutionGuid = {FBDABD5A-50BB-470A-A9A6-CF9922142834}
	EndGlobalSection
EndGlobal
