
Microsoft Visual Studio Solution File, Format Version 12.00
# Visual Studio 15
VisualStudioVersion = 15.0.27004.2005
MinimumVisualStudioVersion = 10.0.40219.1
Project("{FAE04EC0-301F-11D3-BF4B-00C04F79EFBC}") = "ui079", "ui079\ui079.csproj", "{2845737B-9AA7-4E3D-A8B1-4550C9D83524}"
EndProject
Global
	GlobalSection(SolutionConfigurationPlatforms) = preSolution
		Debug|Any CPU = Debug|Any CPU
		Release|Any CPU = Release|Any CPU
	EndGlobalSection
	GlobalSection(ProjectConfigurationPlatforms) = postSolution
		{2845737B-9AA7-4E3D-A8B1-4550C9D83524}.Debug|Any CPU.ActiveCfg = Debug|Any CPU
		{2845737B-9AA7-4E3D-A8B1-4550C9D83524}.Debug|Any CPU.Build.0 = Debug|Any CPU
		{2845737B-9AA7-4E3D-A8B1-4550C9D83524}.Release|Any CPU.ActiveCfg = Release|Any CPU
		{2845737B-9AA7-4E3D-A8B1-4550C9D83524}.Release|Any CPU.Build.0 = Release|Any CPU
	EndGlobalSection
	GlobalSection(SolutionProperties) = preSolution
		HideSolutionNode = FALSE
	EndGlobalSection
	GlobalSection(ExtensibilityGlobals) = postSolution
		SolutionGuid = {BAB88D05-3133-4850-A2BC-EEE874F1682D}
	EndGlobalSection
EndGlobal
