
Microsoft Visual Studio Solution File, Format Version 12.00
# Visual Studio 15
VisualStudioVersion = 15.0.27130.2027
MinimumVisualStudioVersion = 10.0.40219.1
Project("{FAE04EC0-301F-11D3-BF4B-00C04F79EFBC}") = "ui091", "ui091\ui091.csproj", "{F13BF1F3-B5CF-4078-8709-169EE10295B6}"
EndProject
Global
	GlobalSection(SolutionConfigurationPlatforms) = preSolution
		Debug|Any CPU = Debug|Any CPU
		Release|Any CPU = Release|Any CPU
	EndGlobalSection
	GlobalSection(ProjectConfigurationPlatforms) = postSolution
		{F13BF1F3-B5CF-4078-8709-169EE10295B6}.Debug|Any CPU.ActiveCfg = Debug|Any CPU
		{F13BF1F3-B5CF-4078-8709-169EE10295B6}.Debug|Any CPU.Build.0 = Debug|Any CPU
		{F13BF1F3-B5CF-4078-8709-169EE10295B6}.Release|Any CPU.ActiveCfg = Release|Any CPU
		{F13BF1F3-B5CF-4078-8709-169EE10295B6}.Release|Any CPU.Build.0 = Release|Any CPU
	EndGlobalSection
	GlobalSection(SolutionProperties) = preSolution
		HideSolutionNode = FALSE
	EndGlobalSection
	GlobalSection(ExtensibilityGlobals) = postSolution
		SolutionGuid = {41738D2F-38A3-4C93-8881-C224874E3B53}
	EndGlobalSection
EndGlobal
