
Microsoft Visual Studio Solution File, Format Version 12.00
# Visual Studio 15
VisualStudioVersion = 15.0.27130.2010
MinimumVisualStudioVersion = 10.0.40219.1
Project("{FAE04EC0-301F-11D3-BF4B-00C04F79EFBC}") = "web454", "web454\web454.csproj", "{D9496C36-5DE1-4BC9-B567-3FE6609ECEBC}"
EndProject
Global
	GlobalSection(SolutionConfigurationPlatforms) = preSolution
		Debug|Any CPU = Debug|Any CPU
		Release|Any CPU = Release|Any CPU
	EndGlobalSection
	GlobalSection(ProjectConfigurationPlatforms) = postSolution
		{D9496C36-5DE1-4BC9-B567-3FE6609ECEBC}.Debug|Any CPU.ActiveCfg = Debug|Any CPU
		{D9496C36-5DE1-4BC9-B567-3FE6609ECEBC}.Debug|Any CPU.Build.0 = Debug|Any CPU
		{D9496C36-5DE1-4BC9-B567-3FE6609ECEBC}.Release|Any CPU.ActiveCfg = Release|Any CPU
		{D9496C36-5DE1-4BC9-B567-3FE6609ECEBC}.Release|Any CPU.Build.0 = Release|Any CPU
	EndGlobalSection
	GlobalSection(SolutionProperties) = preSolution
		HideSolutionNode = FALSE
	EndGlobalSection
	GlobalSection(ExtensibilityGlobals) = postSolution
		SolutionGuid = {3B5D9928-2F3C-4CDE-8811-DEA53301FC93}
	EndGlobalSection
EndGlobal
