
Microsoft Visual Studio Solution File, Format Version 12.00
# Visual Studio 15
VisualStudioVersion = 15.0.26730.16
MinimumVisualStudioVersion = 10.0.40219.1
Project("{FAE04EC0-301F-11D3-BF4B-00C04F79EFBC}") = "debug350", "debug350\debug350.csproj", "{50459E16-CFBB-470C-9C26-CE8AAAB6087C}"
EndProject
Project("{FAE04EC0-301F-11D3-BF4B-00C04F79EFBC}") = "debug350test", "debug350test\debug350test.csproj", "{D09596AA-6610-4189-9433-FBCF5C1D20F0}"
EndProject
Global
	GlobalSection(SolutionConfigurationPlatforms) = preSolution
		Debug|Any CPU = Debug|Any CPU
		Release|Any CPU = Release|Any CPU
	EndGlobalSection
	GlobalSection(ProjectConfigurationPlatforms) = postSolution
		{50459E16-CFBB-470C-9C26-CE8AAAB6087C}.Debug|Any CPU.ActiveCfg = Debug|Any CPU
		{50459E16-CFBB-470C-9C26-CE8AAAB6087C}.Debug|Any CPU.Build.0 = Debug|Any CPU
		{50459E16-CFBB-470C-9C26-CE8AAAB6087C}.Release|Any CPU.ActiveCfg = Release|Any CPU
		{50459E16-CFBB-470C-9C26-CE8AAAB6087C}.Release|Any CPU.Build.0 = Release|Any CPU
		{D09596AA-6610-4189-9433-FBCF5C1D20F0}.Debug|Any CPU.ActiveCfg = Debug|Any CPU
		{D09596AA-6610-4189-9433-FBCF5C1D20F0}.Debug|Any CPU.Build.0 = Debug|Any CPU
		{D09596AA-6610-4189-9433-FBCF5C1D20F0}.Release|Any CPU.ActiveCfg = Release|Any CPU
		{D09596AA-6610-4189-9433-FBCF5C1D20F0}.Release|Any CPU.Build.0 = Release|Any CPU
	EndGlobalSection
	GlobalSection(SolutionProperties) = preSolution
		HideSolutionNode = FALSE
	EndGlobalSection
	GlobalSection(ExtensibilityGlobals) = postSolution
		SolutionGuid = {BBCC0110-8FA6-47FA-A145-34D4E26B855A}
	EndGlobalSection
EndGlobal
