
Microsoft Visual Studio Solution File, Format Version 12.00
# Visual Studio 15
VisualStudioVersion = 15.0.26730.16
MinimumVisualStudioVersion = 10.0.40219.1
Project("{FAE04EC0-301F-11D3-BF4B-00C04F79EFBC}") = "pg160", "pg160\pg160.csproj", "{2BB3573B-CA87-49B8-85A7-F07845FD1070}"
EndProject
Global
	GlobalSection(SolutionConfigurationPlatforms) = preSolution
		Debug|Any CPU = Debug|Any CPU
		Release|Any CPU = Release|Any CPU
	EndGlobalSection
	GlobalSection(ProjectConfigurationPlatforms) = postSolution
		{2BB3573B-CA87-49B8-85A7-F07845FD1070}.Debug|Any CPU.ActiveCfg = Debug|Any CPU
		{2BB3573B-CA87-49B8-85A7-F07845FD1070}.Debug|Any CPU.Build.0 = Debug|Any CPU
		{2BB3573B-CA87-49B8-85A7-F07845FD1070}.Release|Any CPU.ActiveCfg = Release|Any CPU
		{2BB3573B-CA87-49B8-85A7-F07845FD1070}.Release|Any CPU.Build.0 = Release|Any CPU
	EndGlobalSection
	GlobalSection(SolutionProperties) = preSolution
		HideSolutionNode = FALSE
	EndGlobalSection
	GlobalSection(ExtensibilityGlobals) = postSolution
		SolutionGuid = {F0FF1261-187A-46BD-9344-BFDBCC45CDA9}
	EndGlobalSection
EndGlobal
