
Microsoft Visual Studio Solution File, Format Version 12.00
# Visual Studio 15
VisualStudioVersion = 15.0.26730.16
MinimumVisualStudioVersion = 10.0.40219.1
Project("{FAE04EC0-301F-11D3-BF4B-00C04F79EFBC}") = "file236", "file236\file236.csproj", "{FDF6CBF0-E83D-4D57-A614-F85A5CE9242B}"
EndProject
Global
	GlobalSection(SolutionConfigurationPlatforms) = preSolution
		Debug|Any CPU = Debug|Any CPU
		Release|Any CPU = Release|Any CPU
	EndGlobalSection
	GlobalSection(ProjectConfigurationPlatforms) = postSolution
		{FDF6CBF0-E83D-4D57-A614-F85A5CE9242B}.Debug|Any CPU.ActiveCfg = Debug|Any CPU
		{FDF6CBF0-E83D-4D57-A614-F85A5CE9242B}.Debug|Any CPU.Build.0 = Debug|Any CPU
		{FDF6CBF0-E83D-4D57-A614-F85A5CE9242B}.Release|Any CPU.ActiveCfg = Release|Any CPU
		{FDF6CBF0-E83D-4D57-A614-F85A5CE9242B}.Release|Any CPU.Build.0 = Release|Any CPU
	EndGlobalSection
	GlobalSection(SolutionProperties) = preSolution
		HideSolutionNode = FALSE
	EndGlobalSection
	GlobalSection(ExtensibilityGlobals) = postSolution
		SolutionGuid = {84970420-17AE-4C31-B2CB-A53BFE2C3472}
	EndGlobalSection
EndGlobal
