
Microsoft Visual Studio Solution File, Format Version 12.00
# Visual Studio 15
VisualStudioVersion = 15.0.26730.16
MinimumVisualStudioVersion = 10.0.40219.1
Project("{FAE04EC0-301F-11D3-BF4B-00C04F79EFBC}") = "pg137", "pg137\pg137.csproj", "{E0ABF833-E37D-4221-9B41-2DDB8DE70D4B}"
EndProject
Global
	GlobalSection(SolutionConfigurationPlatforms) = preSolution
		Debug|Any CPU = Debug|Any CPU
		Release|Any CPU = Release|Any CPU
	EndGlobalSection
	GlobalSection(ProjectConfigurationPlatforms) = postSolution
		{E0ABF833-E37D-4221-9B41-2DDB8DE70D4B}.Debug|Any CPU.ActiveCfg = Debug|Any CPU
		{E0ABF833-E37D-4221-9B41-2DDB8DE70D4B}.Debug|Any CPU.Build.0 = Debug|Any CPU
		{E0ABF833-E37D-4221-9B41-2DDB8DE70D4B}.Release|Any CPU.ActiveCfg = Release|Any CPU
		{E0ABF833-E37D-4221-9B41-2DDB8DE70D4B}.Release|Any CPU.Build.0 = Release|Any CPU
	EndGlobalSection
	GlobalSection(SolutionProperties) = preSolution
		HideSolutionNode = FALSE
	EndGlobalSection
	GlobalSection(ExtensibilityGlobals) = postSolution
		SolutionGuid = {BD9F05D3-5B14-4B52-928B-5A5507BEC3E4}
	EndGlobalSection
EndGlobal
