
Microsoft Visual Studio Solution File, Format Version 12.00
# Visual Studio 15
VisualStudioVersion = 15.0.27004.2009
MinimumVisualStudioVersion = 10.0.40219.1
Project("{FAE04EC0-301F-11D3-BF4B-00C04F79EFBC}") = "web462", "web462\web462.csproj", "{86723746-A597-4F66-BD66-D7047F1044DC}"
EndProject
Global
	GlobalSection(SolutionConfigurationPlatforms) = preSolution
		Debug|Any CPU = Debug|Any CPU
		Release|Any CPU = Release|Any CPU
	EndGlobalSection
	GlobalSection(ProjectConfigurationPlatforms) = postSolution
		{86723746-A597-4F66-BD66-D7047F1044DC}.Debug|Any CPU.ActiveCfg = Debug|Any CPU
		{86723746-A597-4F66-BD66-D7047F1044DC}.Debug|Any CPU.Build.0 = Debug|Any CPU
		{86723746-A597-4F66-BD66-D7047F1044DC}.Release|Any CPU.ActiveCfg = Release|Any CPU
		{86723746-A597-4F66-BD66-D7047F1044DC}.Release|Any CPU.Build.0 = Release|Any CPU
	EndGlobalSection
	GlobalSection(SolutionProperties) = preSolution
		HideSolutionNode = FALSE
	EndGlobalSection
	GlobalSection(ExtensibilityGlobals) = postSolution
		SolutionGuid = {2F5288BA-2AC7-49CE-ABA2-6B5E6B1ACE6D}
	EndGlobalSection
EndGlobal
