
Microsoft Visual Studio Solution File, Format Version 12.00
# Visual Studio 15
VisualStudioVersion = 15.0.27130.2027
MinimumVisualStudioVersion = 10.0.40219.1
Project("{FAE04EC0-301F-11D3-BF4B-00C04F79EFBC}") = "ui095", "ui095\ui095.csproj", "{1F195876-5B5D-4C2B-89DB-511A7F9A19BC}"
EndProject
Global
	GlobalSection(SolutionConfigurationPlatforms) = preSolution
		Debug|Any CPU = Debug|Any CPU
		Release|Any CPU = Release|Any CPU
	EndGlobalSection
	GlobalSection(ProjectConfigurationPlatforms) = postSolution
		{1F195876-5B5D-4C2B-89DB-511A7F9A19BC}.Debug|Any CPU.ActiveCfg = Debug|Any CPU
		{1F195876-5B5D-4C2B-89DB-511A7F9A19BC}.Debug|Any CPU.Build.0 = Debug|Any CPU
		{1F195876-5B5D-4C2B-89DB-511A7F9A19BC}.Release|Any CPU.ActiveCfg = Release|Any CPU
		{1F195876-5B5D-4C2B-89DB-511A7F9A19BC}.Release|Any CPU.Build.0 = Release|Any CPU
	EndGlobalSection
	GlobalSection(SolutionProperties) = preSolution
		HideSolutionNode = FALSE
	EndGlobalSection
	GlobalSection(ExtensibilityGlobals) = postSolution
		SolutionGuid = {78D101E4-7A19-4188-8E6D-78E120DE9C44}
	EndGlobalSection
EndGlobal
