
Microsoft Visual Studio Solution File, Format Version 12.00
# Visual Studio 15
VisualStudioVersion = 15.0.26730.16
MinimumVisualStudioVersion = 10.0.40219.1
Project("{FAE04EC0-301F-11D3-BF4B-00C04F79EFBC}") = "pg161", "pg161\pg161.csproj", "{34614BF7-8F19-43E5-BDF9-ECBC2EABCCE8}"
EndProject
Global
	GlobalSection(SolutionConfigurationPlatforms) = preSolution
		Debug|Any CPU = Debug|Any CPU
		Release|Any CPU = Release|Any CPU
	EndGlobalSection
	GlobalSection(ProjectConfigurationPlatforms) = postSolution
		{34614BF7-8F19-43E5-BDF9-ECBC2EABCCE8}.Debug|Any CPU.ActiveCfg = Debug|Any CPU
		{34614BF7-8F19-43E5-BDF9-ECBC2EABCCE8}.Debug|Any CPU.Build.0 = Debug|Any CPU
		{34614BF7-8F19-43E5-BDF9-ECBC2EABCCE8}.Release|Any CPU.ActiveCfg = Release|Any CPU
		{34614BF7-8F19-43E5-BDF9-ECBC2EABCCE8}.Release|Any CPU.Build.0 = Release|Any CPU
	EndGlobalSection
	GlobalSection(SolutionProperties) = preSolution
		HideSolutionNode = FALSE
	EndGlobalSection
	GlobalSection(ExtensibilityGlobals) = postSolution
		SolutionGuid = {20F0F78B-0E1C-496A-BE63-41C21347E504}
	EndGlobalSection
EndGlobal
