
Microsoft Visual Studio Solution File, Format Version 12.00
# Visual Studio 15
VisualStudioVersion = 15.0.27004.2005
MinimumVisualStudioVersion = 10.0.40219.1
Project("{FAE04EC0-301F-11D3-BF4B-00C04F79EFBC}") = "proj033", "proj033\proj033.csproj", "{F18CEE68-CD70-4275-BBDA-4417F48E0E8D}"
EndProject
Project("{FAE04EC0-301F-11D3-BF4B-00C04F79EFBC}") = "WindowsFormsApp1", "WindowsFormsApp1\WindowsFormsApp1.csproj", "{42607647-7739-4F49-ADD9-1FCB1C32D915}"
EndProject
Global
	GlobalSection(SolutionConfigurationPlatforms) = preSolution
		Debug|Any CPU = Debug|Any CPU
		Release|Any CPU = Release|Any CPU
	EndGlobalSection
	GlobalSection(ProjectConfigurationPlatforms) = postSolution
		{F18CEE68-CD70-4275-BBDA-4417F48E0E8D}.Debug|Any CPU.ActiveCfg = Debug|Any CPU
		{F18CEE68-CD70-4275-BBDA-4417F48E0E8D}.Debug|Any CPU.Build.0 = Debug|Any CPU
		{F18CEE68-CD70-4275-BBDA-4417F48E0E8D}.Release|Any CPU.ActiveCfg = Release|Any CPU
		{F18CEE68-CD70-4275-BBDA-4417F48E0E8D}.Release|Any CPU.Build.0 = Release|Any CPU
		{42607647-7739-4F49-ADD9-1FCB1C32D915}.Debug|Any CPU.ActiveCfg = Debug|Any CPU
		{42607647-7739-4F49-ADD9-1FCB1C32D915}.Debug|Any CPU.Build.0 = Debug|Any CPU
		{42607647-7739-4F49-ADD9-1FCB1C32D915}.Release|Any CPU.ActiveCfg = Release|Any CPU
		{42607647-7739-4F49-ADD9-1FCB1C32D915}.Release|Any CPU.Build.0 = Release|Any CPU
	EndGlobalSection
	GlobalSection(SolutionProperties) = preSolution
		HideSolutionNode = FALSE
	EndGlobalSection
	GlobalSection(ExtensibilityGlobals) = postSolution
		SolutionGuid = {8C0CE359-BDA7-4F2B-A0EC-2ACC7A1E805A}
	EndGlobalSection
EndGlobal
