
Microsoft Visual Studio Solution File, Format Version 12.00
# Visual Studio 15
VisualStudioVersion = 15.0.26730.16
MinimumVisualStudioVersion = 10.0.40219.1
Project("{FAE04EC0-301F-11D3-BF4B-00C04F79EFBC}") = "dialog248", "dialog248\dialog248.csproj", "{8233E61D-F730-4653-BD5B-0915323DF696}"
EndProject
Global
	GlobalSection(SolutionConfigurationPlatforms) = preSolution
		Debug|Any CPU = Debug|Any CPU
		Release|Any CPU = Release|Any CPU
	EndGlobalSection
	GlobalSection(ProjectConfigurationPlatforms) = postSolution
		{8233E61D-F730-4653-BD5B-0915323DF696}.Debug|Any CPU.ActiveCfg = Debug|Any CPU
		{8233E61D-F730-4653-BD5B-0915323DF696}.Debug|Any CPU.Build.0 = Debug|Any CPU
		{8233E61D-F730-4653-BD5B-0915323DF696}.Release|Any CPU.ActiveCfg = Release|Any CPU
		{8233E61D-F730-4653-BD5B-0915323DF696}.Release|Any CPU.Build.0 = Release|Any CPU
	EndGlobalSection
	GlobalSection(SolutionProperties) = preSolution
		HideSolutionNode = FALSE
	EndGlobalSection
	GlobalSection(ExtensibilityGlobals) = postSolution
		SolutionGuid = {ACEEDB0E-C29D-4193-8352-2FFDC6971A7E}
	EndGlobalSection
EndGlobal
