
Microsoft Visual Studio Solution File, Format Version 12.00
# Visual Studio 15
VisualStudioVersion = 15.0.26730.16
MinimumVisualStudioVersion = 10.0.40219.1
Project("{FAE04EC0-301F-11D3-BF4B-00C04F79EFBC}") = "wpf380", "wpf380\wpf380.csproj", "{140E54EF-6E8F-42F4-873F-0B447934158A}"
EndProject
Global
	GlobalSection(SolutionConfigurationPlatforms) = preSolution
		Debug|Any CPU = Debug|Any CPU
		Release|Any CPU = Release|Any CPU
	EndGlobalSection
	GlobalSection(ProjectConfigurationPlatforms) = postSolution
		{140E54EF-6E8F-42F4-873F-0B447934158A}.Debug|Any CPU.ActiveCfg = Debug|Any CPU
		{140E54EF-6E8F-42F4-873F-0B447934158A}.Debug|Any CPU.Build.0 = Debug|Any CPU
		{140E54EF-6E8F-42F4-873F-0B447934158A}.Release|Any CPU.ActiveCfg = Release|Any CPU
		{140E54EF-6E8F-42F4-873F-0B447934158A}.Release|Any CPU.Build.0 = Release|Any CPU
	EndGlobalSection
	GlobalSection(SolutionProperties) = preSolution
		HideSolutionNode = FALSE
	EndGlobalSection
	GlobalSection(ExtensibilityGlobals) = postSolution
		SolutionGuid = {CCE69DDC-D94C-4698-8847-8E65CF3AAE57}
	EndGlobalSection
EndGlobal
