
Microsoft Visual Studio Solution File, Format Version 12.00
# Visual Studio 15
VisualStudioVersion = 15.0.26730.16
MinimumVisualStudioVersion = 10.0.40219.1
Project("{FAE04EC0-301F-11D3-BF4B-00C04F79EFBC}") = "pg149", "pg149\pg149.csproj", "{AAC784A4-A16F-425E-BD77-2FBDD2271528}"
EndProject
Global
	GlobalSection(SolutionConfigurationPlatforms) = preSolution
		Debug|Any CPU = Debug|Any CPU
		Release|Any CPU = Release|Any CPU
	EndGlobalSection
	GlobalSection(ProjectConfigurationPlatforms) = postSolution
		{AAC784A4-A16F-425E-BD77-2FBDD2271528}.Debug|Any CPU.ActiveCfg = Debug|Any CPU
		{AAC784A4-A16F-425E-BD77-2FBDD2271528}.Debug|Any CPU.Build.0 = Debug|Any CPU
		{AAC784A4-A16F-425E-BD77-2FBDD2271528}.Release|Any CPU.ActiveCfg = Release|Any CPU
		{AAC784A4-A16F-425E-BD77-2FBDD2271528}.Release|Any CPU.Build.0 = Release|Any CPU
	EndGlobalSection
	GlobalSection(SolutionProperties) = preSolution
		HideSolutionNode = FALSE
	EndGlobalSection
	GlobalSection(ExtensibilityGlobals) = postSolution
		SolutionGuid = {D2454D56-B0C8-4094-B107-89E11B328A66}
	EndGlobalSection
EndGlobal
