
Microsoft Visual Studio Solution File, Format Version 12.00
# Visual Studio 15
VisualStudioVersion = 15.0.26730.16
MinimumVisualStudioVersion = 10.0.40219.1
Project("{FAE04EC0-301F-11D3-BF4B-00C04F79EFBC}") = "pg171", "pg171\pg171.csproj", "{62340765-7DC9-45F0-A56F-A95C07F298CA}"
EndProject
Global
	GlobalSection(SolutionConfigurationPlatforms) = preSolution
		Debug|Any CPU = Debug|Any CPU
		Release|Any CPU = Release|Any CPU
	EndGlobalSection
	GlobalSection(ProjectConfigurationPlatforms) = postSolution
		{62340765-7DC9-45F0-A56F-A95C07F298CA}.Debug|Any CPU.ActiveCfg = Debug|Any CPU
		{62340765-7DC9-45F0-A56F-A95C07F298CA}.Debug|Any CPU.Build.0 = Debug|Any CPU
		{62340765-7DC9-45F0-A56F-A95C07F298CA}.Release|Any CPU.ActiveCfg = Release|Any CPU
		{62340765-7DC9-45F0-A56F-A95C07F298CA}.Release|Any CPU.Build.0 = Release|Any CPU
	EndGlobalSection
	GlobalSection(SolutionProperties) = preSolution
		HideSolutionNode = FALSE
	EndGlobalSection
	GlobalSection(ExtensibilityGlobals) = postSolution
		SolutionGuid = {6553ED80-F2E0-454C-BAC1-8615BB225358}
	EndGlobalSection
EndGlobal
