
Microsoft Visual Studio Solution File, Format Version 12.00
# Visual Studio 15
VisualStudioVersion = 15.0.26730.16
MinimumVisualStudioVersion = 10.0.40219.1
Project("{FAE04EC0-301F-11D3-BF4B-00C04F79EFBC}") = "linq297", "linq297\linq297.csproj", "{4F4E5004-DB34-458E-A790-887930C7C540}"
EndProject
Global
	GlobalSection(SolutionConfigurationPlatforms) = preSolution
		Debug|Any CPU = Debug|Any CPU
		Release|Any CPU = Release|Any CPU
	EndGlobalSection
	GlobalSection(ProjectConfigurationPlatforms) = postSolution
		{4F4E5004-DB34-458E-A790-887930C7C540}.Debug|Any CPU.ActiveCfg = Debug|Any CPU
		{4F4E5004-DB34-458E-A790-887930C7C540}.Debug|Any CPU.Build.0 = Debug|Any CPU
		{4F4E5004-DB34-458E-A790-887930C7C540}.Release|Any CPU.ActiveCfg = Release|Any CPU
		{4F4E5004-DB34-458E-A790-887930C7C540}.Release|Any CPU.Build.0 = Release|Any CPU
	EndGlobalSection
	GlobalSection(SolutionProperties) = preSolution
		HideSolutionNode = FALSE
	EndGlobalSection
	GlobalSection(ExtensibilityGlobals) = postSolution
		SolutionGuid = {A294C8B6-08F2-4A96-9D38-AF3F7427EF03}
	EndGlobalSection
EndGlobal
