
Microsoft Visual Studio Solution File, Format Version 12.00
# Visual Studio 15
VisualStudioVersion = 15.0.27130.2010
MinimumVisualStudioVersion = 10.0.40219.1
Project("{FAE04EC0-301F-11D3-BF4B-00C04F79EFBC}") = "web450", "web450\web450.csproj", "{F0443AE9-1B7B-4423-A0B7-D53B62141477}"
EndProject
Global
	GlobalSection(SolutionConfigurationPlatforms) = preSolution
		Debug|Any CPU = Debug|Any CPU
		Release|Any CPU = Release|Any CPU
	EndGlobalSection
	GlobalSection(ProjectConfigurationPlatforms) = postSolution
		{F0443AE9-1B7B-4423-A0B7-D53B62141477}.Debug|Any CPU.ActiveCfg = Debug|Any CPU
		{F0443AE9-1B7B-4423-A0B7-D53B62141477}.Debug|Any CPU.Build.0 = Debug|Any CPU
		{F0443AE9-1B7B-4423-A0B7-D53B62141477}.Release|Any CPU.ActiveCfg = Release|Any CPU
		{F0443AE9-1B7B-4423-A0B7-D53B62141477}.Release|Any CPU.Build.0 = Release|Any CPU
	EndGlobalSection
	GlobalSection(SolutionProperties) = preSolution
		HideSolutionNode = FALSE
	EndGlobalSection
	GlobalSection(ExtensibilityGlobals) = postSolution
		SolutionGuid = {BE08386E-81B5-4F55-9121-0CB23A7CC75C}
	EndGlobalSection
EndGlobal
