
Microsoft Visual Studio Solution File, Format Version 12.00
# Visual Studio 15
VisualStudioVersion = 15.0.26730.16
MinimumVisualStudioVersion = 10.0.40219.1
Project("{FAE04EC0-301F-11D3-BF4B-00C04F79EFBC}") = "linq301", "linq301\linq301.csproj", "{C8DA96D7-169A-4849-AA77-027D7B55FD3C}"
EndProject
Global
	GlobalSection(SolutionConfigurationPlatforms) = preSolution
		Debug|Any CPU = Debug|Any CPU
		Release|Any CPU = Release|Any CPU
	EndGlobalSection
	GlobalSection(ProjectConfigurationPlatforms) = postSolution
		{C8DA96D7-169A-4849-AA77-027D7B55FD3C}.Debug|Any CPU.ActiveCfg = Debug|Any CPU
		{C8DA96D7-169A-4849-AA77-027D7B55FD3C}.Debug|Any CPU.Build.0 = Debug|Any CPU
		{C8DA96D7-169A-4849-AA77-027D7B55FD3C}.Release|Any CPU.ActiveCfg = Release|Any CPU
		{C8DA96D7-169A-4849-AA77-027D7B55FD3C}.Release|Any CPU.Build.0 = Release|Any CPU
	EndGlobalSection
	GlobalSection(SolutionProperties) = preSolution
		HideSolutionNode = FALSE
	EndGlobalSection
	GlobalSection(ExtensibilityGlobals) = postSolution
		SolutionGuid = {CC44DC12-F0AD-487E-87BC-35669DCC1154}
	EndGlobalSection
EndGlobal
