
Microsoft Visual Studio Solution File, Format Version 12.00
# Visual Studio 15
VisualStudioVersion = 15.0.26730.16
MinimumVisualStudioVersion = 10.0.40219.1
Project("{FAE04EC0-301F-11D3-BF4B-00C04F79EFBC}") = "db257", "db257\db257.csproj", "{0B44F98A-FF6A-484D-A218-14CFD83B6A4F}"
EndProject
Global
	GlobalSection(SolutionConfigurationPlatforms) = preSolution
		Debug|Any CPU = Debug|Any CPU
		Release|Any CPU = Release|Any CPU
	EndGlobalSection
	GlobalSection(ProjectConfigurationPlatforms) = postSolution
		{0B44F98A-FF6A-484D-A218-14CFD83B6A4F}.Debug|Any CPU.ActiveCfg = Debug|Any CPU
		{0B44F98A-FF6A-484D-A218-14CFD83B6A4F}.Debug|Any CPU.Build.0 = Debug|Any CPU
		{0B44F98A-FF6A-484D-A218-14CFD83B6A4F}.Release|Any CPU.ActiveCfg = Release|Any CPU
		{0B44F98A-FF6A-484D-A218-14CFD83B6A4F}.Release|Any CPU.Build.0 = Release|Any CPU
	EndGlobalSection
	GlobalSection(SolutionProperties) = preSolution
		HideSolutionNode = FALSE
	EndGlobalSection
	GlobalSection(ExtensibilityGlobals) = postSolution
		SolutionGuid = {EBF1A06F-24A7-433F-8A0E-E63E881528C5}
	EndGlobalSection
EndGlobal
