
Microsoft Visual Studio Solution File, Format Version 12.00
# Visual Studio 15
VisualStudioVersion = 15.0.26730.16
MinimumVisualStudioVersion = 10.0.40219.1
Project("{FAE04EC0-301F-11D3-BF4B-00C04F79EFBC}") = "wpf381", "wpf381\wpf381.csproj", "{1C49BDB3-3581-4CDB-AF28-65753C97A665}"
EndProject
Global
	GlobalSection(SolutionConfigurationPlatforms) = preSolution
		Debug|Any CPU = Debug|Any CPU
		Release|Any CPU = Release|Any CPU
	EndGlobalSection
	GlobalSection(ProjectConfigurationPlatforms) = postSolution
		{1C49BDB3-3581-4CDB-AF28-65753C97A665}.Debug|Any CPU.ActiveCfg = Debug|Any CPU
		{1C49BDB3-3581-4CDB-AF28-65753C97A665}.Debug|Any CPU.Build.0 = Debug|Any CPU
		{1C49BDB3-3581-4CDB-AF28-65753C97A665}.Release|Any CPU.ActiveCfg = Release|Any CPU
		{1C49BDB3-3581-4CDB-AF28-65753C97A665}.Release|Any CPU.Build.0 = Release|Any CPU
	EndGlobalSection
	GlobalSection(SolutionProperties) = preSolution
		HideSolutionNode = FALSE
	EndGlobalSection
	GlobalSection(ExtensibilityGlobals) = postSolution
		SolutionGuid = {5A8E21B9-364D-41F8-9A75-85DD7A05DD21}
	EndGlobalSection
EndGlobal
