
Microsoft Visual Studio Solution File, Format Version 12.00
# Visual Studio 15
VisualStudioVersion = 15.0.27004.2005
MinimumVisualStudioVersion = 10.0.40219.1
Project("{FAE04EC0-301F-11D3-BF4B-00C04F79EFBC}") = "ui074", "ui074\ui074.csproj", "{C1BD6E4D-B276-481D-96D0-F7E234A99724}"
EndProject
Global
	GlobalSection(SolutionConfigurationPlatforms) = preSolution
		Debug|Any CPU = Debug|Any CPU
		Release|Any CPU = Release|Any CPU
	EndGlobalSection
	GlobalSection(ProjectConfigurationPlatforms) = postSolution
		{C1BD6E4D-B276-481D-96D0-F7E234A99724}.Debug|Any CPU.ActiveCfg = Debug|Any CPU
		{C1BD6E4D-B276-481D-96D0-F7E234A99724}.Debug|Any CPU.Build.0 = Debug|Any CPU
		{C1BD6E4D-B276-481D-96D0-F7E234A99724}.Release|Any CPU.ActiveCfg = Release|Any CPU
		{C1BD6E4D-B276-481D-96D0-F7E234A99724}.Release|Any CPU.Build.0 = Release|Any CPU
	EndGlobalSection
	GlobalSection(SolutionProperties) = preSolution
		HideSolutionNode = FALSE
	EndGlobalSection
	GlobalSection(ExtensibilityGlobals) = postSolution
		SolutionGuid = {07D3C66D-5C5D-4F09-AE56-3110F4475323}
	EndGlobalSection
EndGlobal
