
Microsoft Visual Studio Solution File, Format Version 12.00
# Visual Studio 15
VisualStudioVersion = 15.0.26730.16
MinimumVisualStudioVersion = 10.0.40219.1
Project("{FAE04EC0-301F-11D3-BF4B-00C04F79EFBC}") = "debug342", "debug342\debug342.csproj", "{8AE86B25-11DA-498E-9A78-56A7175121FA}"
EndProject
Global
	GlobalSection(SolutionConfigurationPlatforms) = preSolution
		Debug|Any CPU = Debug|Any CPU
		Release|Any CPU = Release|Any CPU
	EndGlobalSection
	GlobalSection(ProjectConfigurationPlatforms) = postSolution
		{8AE86B25-11DA-498E-9A78-56A7175121FA}.Debug|Any CPU.ActiveCfg = Debug|Any CPU
		{8AE86B25-11DA-498E-9A78-56A7175121FA}.Debug|Any CPU.Build.0 = Debug|Any CPU
		{8AE86B25-11DA-498E-9A78-56A7175121FA}.Release|Any CPU.ActiveCfg = Release|Any CPU
		{8AE86B25-11DA-498E-9A78-56A7175121FA}.Release|Any CPU.Build.0 = Release|Any CPU
	EndGlobalSection
	GlobalSection(SolutionProperties) = preSolution
		HideSolutionNode = FALSE
	EndGlobalSection
	GlobalSection(ExtensibilityGlobals) = postSolution
		SolutionGuid = {49A60BEC-40E1-467C-A048-0E4B10EBC96C}
	EndGlobalSection
EndGlobal
