
Microsoft Visual Studio Solution File, Format Version 12.00
# Visual Studio 15
VisualStudioVersion = 15.0.26730.16
MinimumVisualStudioVersion = 10.0.40219.1
Project("{FAE04EC0-301F-11D3-BF4B-00C04F79EFBC}") = "pg135", "pg135\pg135.csproj", "{802FE975-FBF2-40BD-929A-31676D248E58}"
EndProject
Global
	GlobalSection(SolutionConfigurationPlatforms) = preSolution
		Debug|Any CPU = Debug|Any CPU
		Release|Any CPU = Release|Any CPU
	EndGlobalSection
	GlobalSection(ProjectConfigurationPlatforms) = postSolution
		{802FE975-FBF2-40BD-929A-31676D248E58}.Debug|Any CPU.ActiveCfg = Debug|Any CPU
		{802FE975-FBF2-40BD-929A-31676D248E58}.Debug|Any CPU.Build.0 = Debug|Any CPU
		{802FE975-FBF2-40BD-929A-31676D248E58}.Release|Any CPU.ActiveCfg = Release|Any CPU
		{802FE975-FBF2-40BD-929A-31676D248E58}.Release|Any CPU.Build.0 = Release|Any CPU
	EndGlobalSection
	GlobalSection(SolutionProperties) = preSolution
		HideSolutionNode = FALSE
	EndGlobalSection
	GlobalSection(ExtensibilityGlobals) = postSolution
		SolutionGuid = {BF0D00A5-BD0A-453E-9F90-B6D218B23B9F}
	EndGlobalSection
EndGlobal
