
Microsoft Visual Studio Solution File, Format Version 12.00
# Visual Studio 15
VisualStudioVersion = 15.0.26730.16
MinimumVisualStudioVersion = 10.0.40219.1
Project("{FAE04EC0-301F-11D3-BF4B-00C04F79EFBC}") = "db261", "db261\db261.csproj", "{24E2BC1A-86D5-4331-9CA9-AC3167227AEA}"
EndProject
Global
	GlobalSection(SolutionConfigurationPlatforms) = preSolution
		Debug|Any CPU = Debug|Any CPU
		Release|Any CPU = Release|Any CPU
	EndGlobalSection
	GlobalSection(ProjectConfigurationPlatforms) = postSolution
		{24E2BC1A-86D5-4331-9CA9-AC3167227AEA}.Debug|Any CPU.ActiveCfg = Debug|Any CPU
		{24E2BC1A-86D5-4331-9CA9-AC3167227AEA}.Debug|Any CPU.Build.0 = Debug|Any CPU
		{24E2BC1A-86D5-4331-9CA9-AC3167227AEA}.Release|Any CPU.ActiveCfg = Release|Any CPU
		{24E2BC1A-86D5-4331-9CA9-AC3167227AEA}.Release|Any CPU.Build.0 = Release|Any CPU
	EndGlobalSection
	GlobalSection(SolutionProperties) = preSolution
		HideSolutionNode = FALSE
	EndGlobalSection
	GlobalSection(ExtensibilityGlobals) = postSolution
		SolutionGuid = {CAA34C8C-8F77-4A8B-907D-6F24682CE643}
	EndGlobalSection
EndGlobal
