
Microsoft Visual Studio Solution File, Format Version 12.00
# Visual Studio 15
VisualStudioVersion = 15.0.26730.16
MinimumVisualStudioVersion = 10.0.40219.1
Project("{FAE04EC0-301F-11D3-BF4B-00C04F79EFBC}") = "file233", "file233\file233.csproj", "{AB6696CE-E32F-49C1-9AC5-B3979145624C}"
EndProject
Global
	GlobalSection(SolutionConfigurationPlatforms) = preSolution
		Debug|Any CPU = Debug|Any CPU
		Release|Any CPU = Release|Any CPU
	EndGlobalSection
	GlobalSection(ProjectConfigurationPlatforms) = postSolution
		{AB6696CE-E32F-49C1-9AC5-B3979145624C}.Debug|Any CPU.ActiveCfg = Debug|Any CPU
		{AB6696CE-E32F-49C1-9AC5-B3979145624C}.Debug|Any CPU.Build.0 = Debug|Any CPU
		{AB6696CE-E32F-49C1-9AC5-B3979145624C}.Release|Any CPU.ActiveCfg = Release|Any CPU
		{AB6696CE-E32F-49C1-9AC5-B3979145624C}.Release|Any CPU.Build.0 = Release|Any CPU
	EndGlobalSection
	GlobalSection(SolutionProperties) = preSolution
		HideSolutionNode = FALSE
	EndGlobalSection
	GlobalSection(ExtensibilityGlobals) = postSolution
		SolutionGuid = {0517CDC9-D06B-4A82-8233-71E5CAFAD75B}
	EndGlobalSection
EndGlobal
