
Microsoft Visual Studio Solution File, Format Version 12.00
# Visual Studio 15
VisualStudioVersion = 15.0.27130.2027
MinimumVisualStudioVersion = 10.0.40219.1
Project("{FAE04EC0-301F-11D3-BF4B-00C04F79EFBC}") = "ui089", "ui089\ui089.csproj", "{35179C2D-8598-42B9-B056-F1F8E8FF75CC}"
EndProject
Global
	GlobalSection(SolutionConfigurationPlatforms) = preSolution
		Debug|Any CPU = Debug|Any CPU
		Release|Any CPU = Release|Any CPU
	EndGlobalSection
	GlobalSection(ProjectConfigurationPlatforms) = postSolution
		{35179C2D-8598-42B9-B056-F1F8E8FF75CC}.Debug|Any CPU.ActiveCfg = Debug|Any CPU
		{35179C2D-8598-42B9-B056-F1F8E8FF75CC}.Debug|Any CPU.Build.0 = Debug|Any CPU
		{35179C2D-8598-42B9-B056-F1F8E8FF75CC}.Release|Any CPU.ActiveCfg = Release|Any CPU
		{35179C2D-8598-42B9-B056-F1F8E8FF75CC}.Release|Any CPU.Build.0 = Release|Any CPU
	EndGlobalSection
	GlobalSection(SolutionProperties) = preSolution
		HideSolutionNode = FALSE
	EndGlobalSection
	GlobalSection(ExtensibilityGlobals) = postSolution
		SolutionGuid = {69178D54-F7FA-4FD1-8FD5-A63347A6094B}
	EndGlobalSection
EndGlobal
