
Microsoft Visual Studio Solution File, Format Version 12.00
# Visual Studio 15
VisualStudioVersion = 15.0.27130.2010
MinimumVisualStudioVersion = 10.0.40219.1
Project("{FAE04EC0-301F-11D3-BF4B-00C04F79EFBC}") = "web451", "web451\web451.csproj", "{DAF06892-794B-4F28-9E09-678A94281036}"
EndProject
Global
	GlobalSection(SolutionConfigurationPlatforms) = preSolution
		Debug|Any CPU = Debug|Any CPU
		Release|Any CPU = Release|Any CPU
	EndGlobalSection
	GlobalSection(ProjectConfigurationPlatforms) = postSolution
		{DAF06892-794B-4F28-9E09-678A94281036}.Debug|Any CPU.ActiveCfg = Debug|Any CPU
		{DAF06892-794B-4F28-9E09-678A94281036}.Debug|Any CPU.Build.0 = Debug|Any CPU
		{DAF06892-794B-4F28-9E09-678A94281036}.Release|Any CPU.ActiveCfg = Release|Any CPU
		{DAF06892-794B-4F28-9E09-678A94281036}.Release|Any CPU.Build.0 = Release|Any CPU
	EndGlobalSection
	GlobalSection(SolutionProperties) = preSolution
		HideSolutionNode = FALSE
	EndGlobalSection
	GlobalSection(ExtensibilityGlobals) = postSolution
		SolutionGuid = {80FFB858-0B83-4BE5-832E-73D6D8FDE36A}
	EndGlobalSection
EndGlobal
