
Microsoft Visual Studio Solution File, Format Version 12.00
# Visual Studio 15
VisualStudioVersion = 15.0.27004.2005
MinimumVisualStudioVersion = 10.0.40219.1
Project("{FAE04EC0-301F-11D3-BF4B-00C04F79EFBC}") = "ui112", "ui112\ui112.csproj", "{104C8A78-BA78-4682-907A-5305820F73A9}"
EndProject
Global
	GlobalSection(SolutionConfigurationPlatforms) = preSolution
		Debug|Any CPU = Debug|Any CPU
		Release|Any CPU = Release|Any CPU
	EndGlobalSection
	GlobalSection(ProjectConfigurationPlatforms) = postSolution
		{104C8A78-BA78-4682-907A-5305820F73A9}.Debug|Any CPU.ActiveCfg = Debug|Any CPU
		{104C8A78-BA78-4682-907A-5305820F73A9}.Debug|Any CPU.Build.0 = Debug|Any CPU
		{104C8A78-BA78-4682-907A-5305820F73A9}.Release|Any CPU.ActiveCfg = Release|Any CPU
		{104C8A78-BA78-4682-907A-5305820F73A9}.Release|Any CPU.Build.0 = Release|Any CPU
	EndGlobalSection
	GlobalSection(SolutionProperties) = preSolution
		HideSolutionNode = FALSE
	EndGlobalSection
	GlobalSection(ExtensibilityGlobals) = postSolution
		SolutionGuid = {D30E9790-13AC-420F-877C-987EFA2C96B7}
	EndGlobalSection
EndGlobal
