
Microsoft Visual Studio Solution File, Format Version 12.00
# Visual Studio 15
VisualStudioVersion = 15.0.27130.2027
MinimumVisualStudioVersion = 10.0.40219.1
Project("{FAE04EC0-301F-11D3-BF4B-00C04F79EFBC}") = "ui096", "ui096\ui096.csproj", "{5BD6C3F1-BD57-41F0-8184-7859FC7EF561}"
EndProject
Global
	GlobalSection(SolutionConfigurationPlatforms) = preSolution
		Debug|Any CPU = Debug|Any CPU
		Release|Any CPU = Release|Any CPU
	EndGlobalSection
	GlobalSection(ProjectConfigurationPlatforms) = postSolution
		{5BD6C3F1-BD57-41F0-8184-7859FC7EF561}.Debug|Any CPU.ActiveCfg = Debug|Any CPU
		{5BD6C3F1-BD57-41F0-8184-7859FC7EF561}.Debug|Any CPU.Build.0 = Debug|Any CPU
		{5BD6C3F1-BD57-41F0-8184-7859FC7EF561}.Release|Any CPU.ActiveCfg = Release|Any CPU
		{5BD6C3F1-BD57-41F0-8184-7859FC7EF561}.Release|Any CPU.Build.0 = Release|Any CPU
	EndGlobalSection
	GlobalSection(SolutionProperties) = preSolution
		HideSolutionNode = FALSE
	EndGlobalSection
	GlobalSection(ExtensibilityGlobals) = postSolution
		SolutionGuid = {8F87D377-4629-44DF-AE59-F68DED955EBC}
	EndGlobalSection
EndGlobal
