
Microsoft Visual Studio Solution File, Format Version 12.00
# Visual Studio 15
VisualStudioVersion = 15.0.26730.16
MinimumVisualStudioVersion = 10.0.40219.1
Project("{FAE04EC0-301F-11D3-BF4B-00C04F79EFBC}") = "db286", "db286\db286.csproj", "{D69B74B2-966D-4B50-BC41-DD80E70CC50D}"
EndProject
Global
	GlobalSection(SolutionConfigurationPlatforms) = preSolution
		Debug|Any CPU = Debug|Any CPU
		Release|Any CPU = Release|Any CPU
	EndGlobalSection
	GlobalSection(ProjectConfigurationPlatforms) = postSolution
		{D69B74B2-966D-4B50-BC41-DD80E70CC50D}.Debug|Any CPU.ActiveCfg = Debug|Any CPU
		{D69B74B2-966D-4B50-BC41-DD80E70CC50D}.Debug|Any CPU.Build.0 = Debug|Any CPU
		{D69B74B2-966D-4B50-BC41-DD80E70CC50D}.Release|Any CPU.ActiveCfg = Release|Any CPU
		{D69B74B2-966D-4B50-BC41-DD80E70CC50D}.Release|Any CPU.Build.0 = Release|Any CPU
	EndGlobalSection
	GlobalSection(SolutionProperties) = preSolution
		HideSolutionNode = FALSE
	EndGlobalSection
	GlobalSection(ExtensibilityGlobals) = postSolution
		SolutionGuid = {9DE2A687-8517-4007-9728-78AF97C89F02}
	EndGlobalSection
EndGlobal
