
Microsoft Visual Studio Solution File, Format Version 12.00
# Visual Studio 15
VisualStudioVersion = 15.0.27004.2009
MinimumVisualStudioVersion = 10.0.40219.1
Project("{FAE04EC0-301F-11D3-BF4B-00C04F79EFBC}") = "web457", "web457\web457.csproj", "{0FA1450C-AECA-4A24-9BC2-AC3DE0EDCBBA}"
EndProject
Global
	GlobalSection(SolutionConfigurationPlatforms) = preSolution
		Debug|Any CPU = Debug|Any CPU
		Release|Any CPU = Release|Any CPU
	EndGlobalSection
	GlobalSection(ProjectConfigurationPlatforms) = postSolution
		{0FA1450C-AECA-4A24-9BC2-AC3DE0EDCBBA}.Debug|Any CPU.ActiveCfg = Debug|Any CPU
		{0FA1450C-AECA-4A24-9BC2-AC3DE0EDCBBA}.Debug|Any CPU.Build.0 = Debug|Any CPU
		{0FA1450C-AECA-4A24-9BC2-AC3DE0EDCBBA}.Release|Any CPU.ActiveCfg = Release|Any CPU
		{0FA1450C-AECA-4A24-9BC2-AC3DE0EDCBBA}.Release|Any CPU.Build.0 = Release|Any CPU
	EndGlobalSection
	GlobalSection(SolutionProperties) = preSolution
		HideSolutionNode = FALSE
	EndGlobalSection
	GlobalSection(ExtensibilityGlobals) = postSolution
		SolutionGuid = {88785446-E02E-4272-81E3-8C6BD2B13EB6}
	EndGlobalSection
EndGlobal
