
Microsoft Visual Studio Solution File, Format Version 12.00
# Visual Studio 15
VisualStudioVersion = 15.0.26730.16
MinimumVisualStudioVersion = 10.0.40219.1
Project("{FAE04EC0-301F-11D3-BF4B-00C04F79EFBC}") = "pg185", "pg185\pg185.csproj", "{8069BD3C-4C04-42D7-AAE9-B0FFD5EE7346}"
EndProject
Global
	GlobalSection(SolutionConfigurationPlatforms) = preSolution
		Debug|Any CPU = Debug|Any CPU
		Release|Any CPU = Release|Any CPU
	EndGlobalSection
	GlobalSection(ProjectConfigurationPlatforms) = postSolution
		{8069BD3C-4C04-42D7-AAE9-B0FFD5EE7346}.Debug|Any CPU.ActiveCfg = Debug|Any CPU
		{8069BD3C-4C04-42D7-AAE9-B0FFD5EE7346}.Debug|Any CPU.Build.0 = Debug|Any CPU
		{8069BD3C-4C04-42D7-AAE9-B0FFD5EE7346}.Release|Any CPU.ActiveCfg = Release|Any CPU
		{8069BD3C-4C04-42D7-AAE9-B0FFD5EE7346}.Release|Any CPU.Build.0 = Release|Any CPU
	EndGlobalSection
	GlobalSection(SolutionProperties) = preSolution
		HideSolutionNode = FALSE
	EndGlobalSection
	GlobalSection(ExtensibilityGlobals) = postSolution
		SolutionGuid = {6B34D3A1-1B1E-44D2-9F1C-32CBD0B8ECA3}
	EndGlobalSection
EndGlobal
