
Microsoft Visual Studio Solution File, Format Version 12.00
# Visual Studio 15
VisualStudioVersion = 15.0.27004.2005
MinimumVisualStudioVersion = 10.0.40219.1
Project("{FAE04EC0-301F-11D3-BF4B-00C04F79EFBC}") = "ui080", "ui080\ui080.csproj", "{2F44EA89-A572-4460-8768-6CC6106663BE}"
EndProject
Global
	GlobalSection(SolutionConfigurationPlatforms) = preSolution
		Debug|Any CPU = Debug|Any CPU
		Release|Any CPU = Release|Any CPU
	EndGlobalSection
	GlobalSection(ProjectConfigurationPlatforms) = postSolution
		{2F44EA89-A572-4460-8768-6CC6106663BE}.Debug|Any CPU.ActiveCfg = Debug|Any CPU
		{2F44EA89-A572-4460-8768-6CC6106663BE}.Debug|Any CPU.Build.0 = Debug|Any CPU
		{2F44EA89-A572-4460-8768-6CC6106663BE}.Release|Any CPU.ActiveCfg = Release|Any CPU
		{2F44EA89-A572-4460-8768-6CC6106663BE}.Release|Any CPU.Build.0 = Release|Any CPU
	EndGlobalSection
	GlobalSection(SolutionProperties) = preSolution
		HideSolutionNode = FALSE
	EndGlobalSection
	GlobalSection(ExtensibilityGlobals) = postSolution
		SolutionGuid = {1685C1C9-1FCB-4ECD-8126-12F0DDA65278}
	EndGlobalSection
EndGlobal
