
Microsoft Visual Studio Solution File, Format Version 12.00
# Visual Studio 15
VisualStudioVersion = 15.0.27004.2005
MinimumVisualStudioVersion = 10.0.40219.1
Project("{FAE04EC0-301F-11D3-BF4B-00C04F79EFBC}") = "proj032", "proj032\proj032.csproj", "{08678161-64CE-4AC6-834B-D646F0D84745}"
EndProject
Global
	GlobalSection(SolutionConfigurationPlatforms) = preSolution
		Debug|Any CPU = Debug|Any CPU
		Release|Any CPU = Release|Any CPU
	EndGlobalSection
	GlobalSection(ProjectConfigurationPlatforms) = postSolution
		{08678161-64CE-4AC6-834B-D646F0D84745}.Debug|Any CPU.ActiveCfg = Debug|Any CPU
		{08678161-64CE-4AC6-834B-D646F0D84745}.Debug|Any CPU.Build.0 = Debug|Any CPU
		{08678161-64CE-4AC6-834B-D646F0D84745}.Release|Any CPU.ActiveCfg = Release|Any CPU
		{08678161-64CE-4AC6-834B-D646F0D84745}.Release|Any CPU.Build.0 = Release|Any CPU
	EndGlobalSection
	GlobalSection(SolutionProperties) = preSolution
		HideSolutionNode = FALSE
	EndGlobalSection
	GlobalSection(ExtensibilityGlobals) = postSolution
		SolutionGuid = {4059EC89-83DD-4CF2-BE38-80B9BC27D56C}
	EndGlobalSection
EndGlobal
