
Microsoft Visual Studio Solution File, Format Version 12.00
# Visual Studio 15
VisualStudioVersion = 15.0.27130.2027
MinimumVisualStudioVersion = 10.0.40219.1
Project("{FAE04EC0-301F-11D3-BF4B-00C04F79EFBC}") = "ui102", "ui102\ui102.csproj", "{FA24111B-00E7-42D2-979E-8D8526A8473B}"
EndProject
Global
	GlobalSection(SolutionConfigurationPlatforms) = preSolution
		Debug|Any CPU = Debug|Any CPU
		Release|Any CPU = Release|Any CPU
	EndGlobalSection
	GlobalSection(ProjectConfigurationPlatforms) = postSolution
		{FA24111B-00E7-42D2-979E-8D8526A8473B}.Debug|Any CPU.ActiveCfg = Debug|Any CPU
		{FA24111B-00E7-42D2-979E-8D8526A8473B}.Debug|Any CPU.Build.0 = Debug|Any CPU
		{FA24111B-00E7-42D2-979E-8D8526A8473B}.Release|Any CPU.ActiveCfg = Release|Any CPU
		{FA24111B-00E7-42D2-979E-8D8526A8473B}.Release|Any CPU.Build.0 = Release|Any CPU
	EndGlobalSection
	GlobalSection(SolutionProperties) = preSolution
		HideSolutionNode = FALSE
	EndGlobalSection
	GlobalSection(ExtensibilityGlobals) = postSolution
		SolutionGuid = {002ED904-3CDD-4352-AA21-6AD509422F37}
	EndGlobalSection
EndGlobal
