
Microsoft Visual Studio Solution File, Format Version 12.00
# Visual Studio 15
VisualStudioVersion = 15.0.26730.16
MinimumVisualStudioVersion = 10.0.40219.1
Project("{FAE04EC0-301F-11D3-BF4B-00C04F79EFBC}") = "pg199", "pg199\pg199.csproj", "{7DAEFA3D-231C-4F0D-A2E1-EA959B816DBC}"
EndProject
Global
	GlobalSection(SolutionConfigurationPlatforms) = preSolution
		Debug|Any CPU = Debug|Any CPU
		Release|Any CPU = Release|Any CPU
	EndGlobalSection
	GlobalSection(ProjectConfigurationPlatforms) = postSolution
		{7DAEFA3D-231C-4F0D-A2E1-EA959B816DBC}.Debug|Any CPU.ActiveCfg = Debug|Any CPU
		{7DAEFA3D-231C-4F0D-A2E1-EA959B816DBC}.Debug|Any CPU.Build.0 = Debug|Any CPU
		{7DAEFA3D-231C-4F0D-A2E1-EA959B816DBC}.Release|Any CPU.ActiveCfg = Release|Any CPU
		{7DAEFA3D-231C-4F0D-A2E1-EA959B816DBC}.Release|Any CPU.Build.0 = Release|Any CPU
	EndGlobalSection
	GlobalSection(SolutionProperties) = preSolution
		HideSolutionNode = FALSE
	EndGlobalSection
	GlobalSection(ExtensibilityGlobals) = postSolution
		SolutionGuid = {993FF5AD-0C6A-4A20-8FAB-FBE8A969BDCC}
	EndGlobalSection
EndGlobal
