
Microsoft Visual Studio Solution File, Format Version 12.00
# Visual Studio 15
VisualStudioVersion = 15.0.26730.16
MinimumVisualStudioVersion = 10.0.40219.1
Project("{FAE04EC0-301F-11D3-BF4B-00C04F79EFBC}") = "pg166", "pg166\pg166.csproj", "{D04EC0AC-62AD-4E1D-8057-69EF9D517003}"
EndProject
Global
	GlobalSection(SolutionConfigurationPlatforms) = preSolution
		Debug|Any CPU = Debug|Any CPU
		Release|Any CPU = Release|Any CPU
	EndGlobalSection
	GlobalSection(ProjectConfigurationPlatforms) = postSolution
		{D04EC0AC-62AD-4E1D-8057-69EF9D517003}.Debug|Any CPU.ActiveCfg = Debug|Any CPU
		{D04EC0AC-62AD-4E1D-8057-69EF9D517003}.Debug|Any CPU.Build.0 = Debug|Any CPU
		{D04EC0AC-62AD-4E1D-8057-69EF9D517003}.Release|Any CPU.ActiveCfg = Release|Any CPU
		{D04EC0AC-62AD-4E1D-8057-69EF9D517003}.Release|Any CPU.Build.0 = Release|Any CPU
	EndGlobalSection
	GlobalSection(SolutionProperties) = preSolution
		HideSolutionNode = FALSE
	EndGlobalSection
	GlobalSection(ExtensibilityGlobals) = postSolution
		SolutionGuid = {5FD7D59B-1473-472A-BC89-7ADA104461CE}
	EndGlobalSection
EndGlobal
