
Microsoft Visual Studio Solution File, Format Version 12.00
# Visual Studio 15
VisualStudioVersion = 15.0.27004.2005
MinimumVisualStudioVersion = 10.0.40219.1
Project("{FAE04EC0-301F-11D3-BF4B-00C04F79EFBC}") = "ui053", "ui053\ui053.csproj", "{921F648A-5F7A-4B4D-BE82-9DAD04777AF3}"
EndProject
Global
	GlobalSection(SolutionConfigurationPlatforms) = preSolution
		Debug|Any CPU = Debug|Any CPU
		Release|Any CPU = Release|Any CPU
	EndGlobalSection
	GlobalSection(ProjectConfigurationPlatforms) = postSolution
		{921F648A-5F7A-4B4D-BE82-9DAD04777AF3}.Debug|Any CPU.ActiveCfg = Debug|Any CPU
		{921F648A-5F7A-4B4D-BE82-9DAD04777AF3}.Debug|Any CPU.Build.0 = Debug|Any CPU
		{921F648A-5F7A-4B4D-BE82-9DAD04777AF3}.Release|Any CPU.ActiveCfg = Release|Any CPU
		{921F648A-5F7A-4B4D-BE82-9DAD04777AF3}.Release|Any CPU.Build.0 = Release|Any CPU
	EndGlobalSection
	GlobalSection(SolutionProperties) = preSolution
		HideSolutionNode = FALSE
	EndGlobalSection
	GlobalSection(ExtensibilityGlobals) = postSolution
		SolutionGuid = {A25A2C8F-749F-4506-B5A3-32243CD3BE5E}
	EndGlobalSection
EndGlobal
