
Microsoft Visual Studio Solution File, Format Version 12.00
# Visual Studio 15
VisualStudioVersion = 15.0.26730.16
MinimumVisualStudioVersion = 10.0.40219.1
Project("{FAE04EC0-301F-11D3-BF4B-00C04F79EFBC}") = "pg179", "pg179\pg179.csproj", "{F406DE67-E82A-4584-9A07-E9CFD2B7BEF4}"
EndProject
Global
	GlobalSection(SolutionConfigurationPlatforms) = preSolution
		Debug|Any CPU = Debug|Any CPU
		Release|Any CPU = Release|Any CPU
	EndGlobalSection
	GlobalSection(ProjectConfigurationPlatforms) = postSolution
		{F406DE67-E82A-4584-9A07-E9CFD2B7BEF4}.Debug|Any CPU.ActiveCfg = Debug|Any CPU
		{F406DE67-E82A-4584-9A07-E9CFD2B7BEF4}.Debug|Any CPU.Build.0 = Debug|Any CPU
		{F406DE67-E82A-4584-9A07-E9CFD2B7BEF4}.Release|Any CPU.ActiveCfg = Release|Any CPU
		{F406DE67-E82A-4584-9A07-E9CFD2B7BEF4}.Release|Any CPU.Build.0 = Release|Any CPU
	EndGlobalSection
	GlobalSection(SolutionProperties) = preSolution
		HideSolutionNode = FALSE
	EndGlobalSection
	GlobalSection(ExtensibilityGlobals) = postSolution
		SolutionGuid = {5DEC7DFD-D671-4659-9002-89DAD26D9265}
	EndGlobalSection
EndGlobal
