
Microsoft Visual Studio Solution File, Format Version 12.00
# Visual Studio 15
VisualStudioVersion = 15.0.26730.16
MinimumVisualStudioVersion = 10.0.40219.1
Project("{FAE04EC0-301F-11D3-BF4B-00C04F79EFBC}") = "file235", "file235\file235.csproj", "{7B7BB5DD-1D1F-4774-B36E-855446306B83}"
EndProject
Global
	GlobalSection(SolutionConfigurationPlatforms) = preSolution
		Debug|Any CPU = Debug|Any CPU
		Release|Any CPU = Release|Any CPU
	EndGlobalSection
	GlobalSection(ProjectConfigurationPlatforms) = postSolution
		{7B7BB5DD-1D1F-4774-B36E-855446306B83}.Debug|Any CPU.ActiveCfg = Debug|Any CPU
		{7B7BB5DD-1D1F-4774-B36E-855446306B83}.Debug|Any CPU.Build.0 = Debug|Any CPU
		{7B7BB5DD-1D1F-4774-B36E-855446306B83}.Release|Any CPU.ActiveCfg = Release|Any CPU
		{7B7BB5DD-1D1F-4774-B36E-855446306B83}.Release|Any CPU.Build.0 = Release|Any CPU
	EndGlobalSection
	GlobalSection(SolutionProperties) = preSolution
		HideSolutionNode = FALSE
	EndGlobalSection
	GlobalSection(ExtensibilityGlobals) = postSolution
		SolutionGuid = {95548E0E-1E9A-4ED6-81C5-9C4AEED9D108}
	EndGlobalSection
EndGlobal
