
Microsoft Visual Studio Solution File, Format Version 12.00
# Visual Studio 15
VisualStudioVersion = 15.0.26730.16
MinimumVisualStudioVersion = 10.0.40219.1
Project("{FAE04EC0-301F-11D3-BF4B-00C04F79EFBC}") = "error321", "error321\error321.csproj", "{5654B036-F1F6-43DD-9C1F-D3A6EC660BD6}"
EndProject
Global
	GlobalSection(SolutionConfigurationPlatforms) = preSolution
		Debug|Any CPU = Debug|Any CPU
		Release|Any CPU = Release|Any CPU
	EndGlobalSection
	GlobalSection(ProjectConfigurationPlatforms) = postSolution
		{5654B036-F1F6-43DD-9C1F-D3A6EC660BD6}.Debug|Any CPU.ActiveCfg = Debug|Any CPU
		{5654B036-F1F6-43DD-9C1F-D3A6EC660BD6}.Debug|Any CPU.Build.0 = Debug|Any CPU
		{5654B036-F1F6-43DD-9C1F-D3A6EC660BD6}.Release|Any CPU.ActiveCfg = Release|Any CPU
		{5654B036-F1F6-43DD-9C1F-D3A6EC660BD6}.Release|Any CPU.Build.0 = Release|Any CPU
	EndGlobalSection
	GlobalSection(SolutionProperties) = preSolution
		HideSolutionNode = FALSE
	EndGlobalSection
	GlobalSection(ExtensibilityGlobals) = postSolution
		SolutionGuid = {4A6705D7-D18F-433E-89E1-AAA08B4BC34C}
	EndGlobalSection
EndGlobal
