
Microsoft Visual Studio Solution File, Format Version 12.00
# Visual Studio 15
VisualStudioVersion = 15.0.26730.16
MinimumVisualStudioVersion = 10.0.40219.1
Project("{FAE04EC0-301F-11D3-BF4B-00C04F79EFBC}") = "pg174", "pg174\pg174.csproj", "{62F629A6-4E2F-4449-85FF-8491B03BE3CA}"
EndProject
Global
	GlobalSection(SolutionConfigurationPlatforms) = preSolution
		Debug|Any CPU = Debug|Any CPU
		Release|Any CPU = Release|Any CPU
	EndGlobalSection
	GlobalSection(ProjectConfigurationPlatforms) = postSolution
		{62F629A6-4E2F-4449-85FF-8491B03BE3CA}.Debug|Any CPU.ActiveCfg = Debug|Any CPU
		{62F629A6-4E2F-4449-85FF-8491B03BE3CA}.Debug|Any CPU.Build.0 = Debug|Any CPU
		{62F629A6-4E2F-4449-85FF-8491B03BE3CA}.Release|Any CPU.ActiveCfg = Release|Any CPU
		{62F629A6-4E2F-4449-85FF-8491B03BE3CA}.Release|Any CPU.Build.0 = Release|Any CPU
	EndGlobalSection
	GlobalSection(SolutionProperties) = preSolution
		HideSolutionNode = FALSE
	EndGlobalSection
	GlobalSection(ExtensibilityGlobals) = postSolution
		SolutionGuid = {8D784FEE-516A-4D33-B1D3-E7DAB6615874}
	EndGlobalSection
EndGlobal
