
Microsoft Visual Studio Solution File, Format Version 12.00
# Visual Studio 15
VisualStudioVersion = 15.0.27004.2009
MinimumVisualStudioVersion = 10.0.40219.1
Project("{FAE04EC0-301F-11D3-BF4B-00C04F79EFBC}") = "web461", "web461\web461.csproj", "{B99C150E-EF7E-425D-825B-03E948D293D8}"
EndProject
Global
	GlobalSection(SolutionConfigurationPlatforms) = preSolution
		Debug|Any CPU = Debug|Any CPU
		Release|Any CPU = Release|Any CPU
	EndGlobalSection
	GlobalSection(ProjectConfigurationPlatforms) = postSolution
		{B99C150E-EF7E-425D-825B-03E948D293D8}.Debug|Any CPU.ActiveCfg = Debug|Any CPU
		{B99C150E-EF7E-425D-825B-03E948D293D8}.Debug|Any CPU.Build.0 = Debug|Any CPU
		{B99C150E-EF7E-425D-825B-03E948D293D8}.Release|Any CPU.ActiveCfg = Release|Any CPU
		{B99C150E-EF7E-425D-825B-03E948D293D8}.Release|Any CPU.Build.0 = Release|Any CPU
	EndGlobalSection
	GlobalSection(SolutionProperties) = preSolution
		HideSolutionNode = FALSE
	EndGlobalSection
	GlobalSection(ExtensibilityGlobals) = postSolution
		SolutionGuid = {ED268551-8A55-4BC3-8F3B-862B90EE6E32}
	EndGlobalSection
EndGlobal
