
Microsoft Visual Studio Solution File, Format Version 12.00
# Visual Studio 15
VisualStudioVersion = 15.0.27004.2009
MinimumVisualStudioVersion = 10.0.40219.1
Project("{FAE04EC0-301F-11D3-BF4B-00C04F79EFBC}") = "excel503", "excel503\excel503.csproj", "{7BC097CD-D135-4EA1-9E1F-536770CC8041}"
EndProject
Global
	GlobalSection(SolutionConfigurationPlatforms) = preSolution
		Debug|Any CPU = Debug|Any CPU
		Release|Any CPU = Release|Any CPU
	EndGlobalSection
	GlobalSection(ProjectConfigurationPlatforms) = postSolution
		{7BC097CD-D135-4EA1-9E1F-536770CC8041}.Debug|Any CPU.ActiveCfg = Debug|Any CPU
		{7BC097CD-D135-4EA1-9E1F-536770CC8041}.Debug|Any CPU.Build.0 = Debug|Any CPU
		{7BC097CD-D135-4EA1-9E1F-536770CC8041}.Release|Any CPU.ActiveCfg = Release|Any CPU
		{7BC097CD-D135-4EA1-9E1F-536770CC8041}.Release|Any CPU.Build.0 = Release|Any CPU
	EndGlobalSection
	GlobalSection(SolutionProperties) = preSolution
		HideSolutionNode = FALSE
	EndGlobalSection
	GlobalSection(ExtensibilityGlobals) = postSolution
		SolutionGuid = {27A6649A-6BBF-4912-84B4-E8E9DC2B19DE}
	EndGlobalSection
EndGlobal
