
Microsoft Visual Studio Solution File, Format Version 12.00
# Visual Studio 15
VisualStudioVersion = 15.0.26730.16
MinimumVisualStudioVersion = 10.0.40219.1
Project("{FAE04EC0-301F-11D3-BF4B-00C04F79EFBC}") = "pg192", "pg192\pg192.csproj", "{7E6C490B-DF5E-4864-93FA-B4164EA7827D}"
EndProject
Global
	GlobalSection(SolutionConfigurationPlatforms) = preSolution
		Debug|Any CPU = Debug|Any CPU
		Release|Any CPU = Release|Any CPU
	EndGlobalSection
	GlobalSection(ProjectConfigurationPlatforms) = postSolution
		{7E6C490B-DF5E-4864-93FA-B4164EA7827D}.Debug|Any CPU.ActiveCfg = Debug|Any CPU
		{7E6C490B-DF5E-4864-93FA-B4164EA7827D}.Debug|Any CPU.Build.0 = Debug|Any CPU
		{7E6C490B-DF5E-4864-93FA-B4164EA7827D}.Release|Any CPU.ActiveCfg = Release|Any CPU
		{7E6C490B-DF5E-4864-93FA-B4164EA7827D}.Release|Any CPU.Build.0 = Release|Any CPU
	EndGlobalSection
	GlobalSection(SolutionProperties) = preSolution
		HideSolutionNode = FALSE
	EndGlobalSection
	GlobalSection(ExtensibilityGlobals) = postSolution
		SolutionGuid = {71B9A90E-CA75-4AD3-8F60-7B5E53D00BBC}
	EndGlobalSection
EndGlobal
