
Microsoft Visual Studio Solution File, Format Version 12.00
# Visual Studio 15
VisualStudioVersion = 15.0.26730.16
MinimumVisualStudioVersion = 10.0.40219.1
Project("{FAE04EC0-301F-11D3-BF4B-00C04F79EFBC}") = "wpf397", "wpf397\wpf397.csproj", "{3487C6A4-6312-4994-8576-660538917A75}"
EndProject
Global
	GlobalSection(SolutionConfigurationPlatforms) = preSolution
		Debug|Any CPU = Debug|Any CPU
		Release|Any CPU = Release|Any CPU
	EndGlobalSection
	GlobalSection(ProjectConfigurationPlatforms) = postSolution
		{3487C6A4-6312-4994-8576-660538917A75}.Debug|Any CPU.ActiveCfg = Debug|Any CPU
		{3487C6A4-6312-4994-8576-660538917A75}.Debug|Any CPU.Build.0 = Debug|Any CPU
		{3487C6A4-6312-4994-8576-660538917A75}.Release|Any CPU.ActiveCfg = Release|Any CPU
		{3487C6A4-6312-4994-8576-660538917A75}.Release|Any CPU.Build.0 = Release|Any CPU
	EndGlobalSection
	GlobalSection(SolutionProperties) = preSolution
		HideSolutionNode = FALSE
	EndGlobalSection
	GlobalSection(ExtensibilityGlobals) = postSolution
		SolutionGuid = {C5D24139-01EE-40A4-B70C-597DCEB41421}
	EndGlobalSection
EndGlobal
