
Microsoft Visual Studio Solution File, Format Version 12.00
# Visual Studio 15
VisualStudioVersion = 15.0.27130.2010
MinimumVisualStudioVersion = 10.0.40219.1
Project("{FAE04EC0-301F-11D3-BF4B-00C04F79EFBC}") = "excel492", "excel492\excel492.csproj", "{F9B45C91-F5D2-4FC6-B436-C5730777C405}"
EndProject
Global
	GlobalSection(SolutionConfigurationPlatforms) = preSolution
		Debug|Any CPU = Debug|Any CPU
		Release|Any CPU = Release|Any CPU
	EndGlobalSection
	GlobalSection(ProjectConfigurationPlatforms) = postSolution
		{F9B45C91-F5D2-4FC6-B436-C5730777C405}.Debug|Any CPU.ActiveCfg = Debug|Any CPU
		{F9B45C91-F5D2-4FC6-B436-C5730777C405}.Debug|Any CPU.Build.0 = Debug|Any CPU
		{F9B45C91-F5D2-4FC6-B436-C5730777C405}.Release|Any CPU.ActiveCfg = Release|Any CPU
		{F9B45C91-F5D2-4FC6-B436-C5730777C405}.Release|Any CPU.Build.0 = Release|Any CPU
	EndGlobalSection
	GlobalSection(SolutionProperties) = preSolution
		HideSolutionNode = FALSE
	EndGlobalSection
	GlobalSection(ExtensibilityGlobals) = postSolution
		SolutionGuid = {2FDE457C-E536-4FC5-A80A-5305ED96129E}
	EndGlobalSection
EndGlobal
