
Microsoft Visual Studio Solution File, Format Version 12.00
# Visual Studio 15
VisualStudioVersion = 15.0.26730.16
MinimumVisualStudioVersion = 10.0.40219.1
Project("{FAE04EC0-301F-11D3-BF4B-00C04F79EFBC}") = "blend411", "blend411\blend411.csproj", "{8A8F25D6-FCA6-4B23-9571-0FF87973DC29}"
EndProject
Global
	GlobalSection(SolutionConfigurationPlatforms) = preSolution
		Debug|Any CPU = Debug|Any CPU
		Release|Any CPU = Release|Any CPU
	EndGlobalSection
	GlobalSection(ProjectConfigurationPlatforms) = postSolution
		{8A8F25D6-FCA6-4B23-9571-0FF87973DC29}.Debug|Any CPU.ActiveCfg = Debug|Any CPU
		{8A8F25D6-FCA6-4B23-9571-0FF87973DC29}.Debug|Any CPU.Build.0 = Debug|Any CPU
		{8A8F25D6-FCA6-4B23-9571-0FF87973DC29}.Release|Any CPU.ActiveCfg = Release|Any CPU
		{8A8F25D6-FCA6-4B23-9571-0FF87973DC29}.Release|Any CPU.Build.0 = Release|Any CPU
	EndGlobalSection
	GlobalSection(SolutionProperties) = preSolution
		HideSolutionNode = FALSE
	EndGlobalSection
	GlobalSection(ExtensibilityGlobals) = postSolution
		SolutionGuid = {FEA40E54-8535-4C9C-84D2-A2317DC38788}
	EndGlobalSection
EndGlobal
