
Microsoft Visual Studio Solution File, Format Version 12.00
# Visual Studio 15
VisualStudioVersion = 15.0.26730.16
MinimumVisualStudioVersion = 10.0.40219.1
Project("{FAE04EC0-301F-11D3-BF4B-00C04F79EFBC}") = "pg168", "pg168\pg168.csproj", "{CC28C6E5-8D40-4724-B6BB-04B7557A6C76}"
EndProject
Global
	GlobalSection(SolutionConfigurationPlatforms) = preSolution
		Debug|Any CPU = Debug|Any CPU
		Release|Any CPU = Release|Any CPU
	EndGlobalSection
	GlobalSection(ProjectConfigurationPlatforms) = postSolution
		{CC28C6E5-8D40-4724-B6BB-04B7557A6C76}.Debug|Any CPU.ActiveCfg = Debug|Any CPU
		{CC28C6E5-8D40-4724-B6BB-04B7557A6C76}.Debug|Any CPU.Build.0 = Debug|Any CPU
		{CC28C6E5-8D40-4724-B6BB-04B7557A6C76}.Release|Any CPU.ActiveCfg = Release|Any CPU
		{CC28C6E5-8D40-4724-B6BB-04B7557A6C76}.Release|Any CPU.Build.0 = Release|Any CPU
	EndGlobalSection
	GlobalSection(SolutionProperties) = preSolution
		HideSolutionNode = FALSE
	EndGlobalSection
	GlobalSection(ExtensibilityGlobals) = postSolution
		SolutionGuid = {4C0F395B-73FA-4EC6-9F20-199C0BF71153}
	EndGlobalSection
EndGlobal
