
Microsoft Visual Studio Solution File, Format Version 12.00
# Visual Studio 15
VisualStudioVersion = 15.0.26730.16
MinimumVisualStudioVersion = 10.0.40219.1
Project("{FAE04EC0-301F-11D3-BF4B-00C04F79EFBC}") = "pg157", "pg157\pg157.csproj", "{955480BC-F9F7-4641-B89D-0B2E20A636A2}"
EndProject
Global
	GlobalSection(SolutionConfigurationPlatforms) = preSolution
		Debug|Any CPU = Debug|Any CPU
		Release|Any CPU = Release|Any CPU
	EndGlobalSection
	GlobalSection(ProjectConfigurationPlatforms) = postSolution
		{955480BC-F9F7-4641-B89D-0B2E20A636A2}.Debug|Any CPU.ActiveCfg = Debug|Any CPU
		{955480BC-F9F7-4641-B89D-0B2E20A636A2}.Debug|Any CPU.Build.0 = Debug|Any CPU
		{955480BC-F9F7-4641-B89D-0B2E20A636A2}.Release|Any CPU.ActiveCfg = Release|Any CPU
		{955480BC-F9F7-4641-B89D-0B2E20A636A2}.Release|Any CPU.Build.0 = Release|Any CPU
	EndGlobalSection
	GlobalSection(SolutionProperties) = preSolution
		HideSolutionNode = FALSE
	EndGlobalSection
	GlobalSection(ExtensibilityGlobals) = postSolution
		SolutionGuid = {381A6818-D18B-4E5F-A76A-F74217D77932}
	EndGlobalSection
EndGlobal
