
Microsoft Visual Studio Solution File, Format Version 12.00
# Visual Studio 15
VisualStudioVersion = 15.0.26730.16
MinimumVisualStudioVersion = 10.0.40219.1
Project("{FAE04EC0-301F-11D3-BF4B-00C04F79EFBC}") = "file226", "file226\file226.csproj", "{D632D070-A4A5-481C-9670-0757FAF42344}"
EndProject
Global
	GlobalSection(SolutionConfigurationPlatforms) = preSolution
		Debug|Any CPU = Debug|Any CPU
		Release|Any CPU = Release|Any CPU
	EndGlobalSection
	GlobalSection(ProjectConfigurationPlatforms) = postSolution
		{D632D070-A4A5-481C-9670-0757FAF42344}.Debug|Any CPU.ActiveCfg = Debug|Any CPU
		{D632D070-A4A5-481C-9670-0757FAF42344}.Debug|Any CPU.Build.0 = Debug|Any CPU
		{D632D070-A4A5-481C-9670-0757FAF42344}.Release|Any CPU.ActiveCfg = Release|Any CPU
		{D632D070-A4A5-481C-9670-0757FAF42344}.Release|Any CPU.Build.0 = Release|Any CPU
	EndGlobalSection
	GlobalSection(SolutionProperties) = preSolution
		HideSolutionNode = FALSE
	EndGlobalSection
	GlobalSection(ExtensibilityGlobals) = postSolution
		SolutionGuid = {9C228F1F-83FC-47A8-86C3-2FFA974FC21D}
	EndGlobalSection
EndGlobal
