
Microsoft Visual Studio Solution File, Format Version 12.00
# Visual Studio 15
VisualStudioVersion = 15.0.26730.16
MinimumVisualStudioVersion = 10.0.40219.1
Project("{FAE04EC0-301F-11D3-BF4B-00C04F79EFBC}") = "net423", "net423\net423.csproj", "{8420A320-815D-4B47-879E-1F65AB0727F1}"
EndProject
Global
	GlobalSection(SolutionConfigurationPlatforms) = preSolution
		Debug|Any CPU = Debug|Any CPU
		Release|Any CPU = Release|Any CPU
	EndGlobalSection
	GlobalSection(ProjectConfigurationPlatforms) = postSolution
		{8420A320-815D-4B47-879E-1F65AB0727F1}.Debug|Any CPU.ActiveCfg = Debug|Any CPU
		{8420A320-815D-4B47-879E-1F65AB0727F1}.Debug|Any CPU.Build.0 = Debug|Any CPU
		{8420A320-815D-4B47-879E-1F65AB0727F1}.Release|Any CPU.ActiveCfg = Release|Any CPU
		{8420A320-815D-4B47-879E-1F65AB0727F1}.Release|Any CPU.Build.0 = Release|Any CPU
	EndGlobalSection
	GlobalSection(SolutionProperties) = preSolution
		HideSolutionNode = FALSE
	EndGlobalSection
	GlobalSection(ExtensibilityGlobals) = postSolution
		SolutionGuid = {6998EBF9-3337-4D40-BB0B-7EE674D44E78}
	EndGlobalSection
EndGlobal
