
Microsoft Visual Studio Solution File, Format Version 12.00
# Visual Studio 15
VisualStudioVersion = 15.0.26730.16
MinimumVisualStudioVersion = 10.0.40219.1
Project("{FAE04EC0-301F-11D3-BF4B-00C04F79EFBC}") = "blend410", "blend410\blend410.csproj", "{3D7FEC4A-EDA0-45AE-8FA0-78A41FA8C2E9}"
EndProject
Global
	GlobalSection(SolutionConfigurationPlatforms) = preSolution
		Debug|Any CPU = Debug|Any CPU
		Release|Any CPU = Release|Any CPU
	EndGlobalSection
	GlobalSection(ProjectConfigurationPlatforms) = postSolution
		{3D7FEC4A-EDA0-45AE-8FA0-78A41FA8C2E9}.Debug|Any CPU.ActiveCfg = Debug|Any CPU
		{3D7FEC4A-EDA0-45AE-8FA0-78A41FA8C2E9}.Debug|Any CPU.Build.0 = Debug|Any CPU
		{3D7FEC4A-EDA0-45AE-8FA0-78A41FA8C2E9}.Release|Any CPU.ActiveCfg = Release|Any CPU
		{3D7FEC4A-EDA0-45AE-8FA0-78A41FA8C2E9}.Release|Any CPU.Build.0 = Release|Any CPU
	EndGlobalSection
	GlobalSection(SolutionProperties) = preSolution
		HideSolutionNode = FALSE
	EndGlobalSection
	GlobalSection(ExtensibilityGlobals) = postSolution
		SolutionGuid = {2C8A0350-2CF0-493D-A09B-760B3F48E7FB}
	EndGlobalSection
EndGlobal
