
Microsoft Visual Studio Solution File, Format Version 12.00
# Visual Studio 15
VisualStudioVersion = 15.0.26730.16
MinimumVisualStudioVersion = 10.0.40219.1
Project("{FAE04EC0-301F-11D3-BF4B-00C04F79EFBC}") = "blend402", "blend402\blend402.csproj", "{ADB1F1FD-BC59-45C7-8033-4B78EFB39646}"
EndProject
Global
	GlobalSection(SolutionConfigurationPlatforms) = preSolution
		Debug|Any CPU = Debug|Any CPU
		Release|Any CPU = Release|Any CPU
	EndGlobalSection
	GlobalSection(ProjectConfigurationPlatforms) = postSolution
		{ADB1F1FD-BC59-45C7-8033-4B78EFB39646}.Debug|Any CPU.ActiveCfg = Debug|Any CPU
		{ADB1F1FD-BC59-45C7-8033-4B78EFB39646}.Debug|Any CPU.Build.0 = Debug|Any CPU
		{ADB1F1FD-BC59-45C7-8033-4B78EFB39646}.Release|Any CPU.ActiveCfg = Release|Any CPU
		{ADB1F1FD-BC59-45C7-8033-4B78EFB39646}.Release|Any CPU.Build.0 = Release|Any CPU
	EndGlobalSection
	GlobalSection(SolutionProperties) = preSolution
		HideSolutionNode = FALSE
	EndGlobalSection
	GlobalSection(ExtensibilityGlobals) = postSolution
		SolutionGuid = {8BF66B7E-901B-4345-A5ED-6A5C25772FCD}
	EndGlobalSection
EndGlobal
