
Microsoft Visual Studio Solution File, Format Version 12.00
# Visual Studio 15
VisualStudioVersion = 15.0.26730.16
MinimumVisualStudioVersion = 10.0.40219.1
Project("{FAE04EC0-301F-11D3-BF4B-00C04F79EFBC}") = "file223", "file223\file223.csproj", "{F75F859A-B49D-4918-9EEE-DD1F5BE671B7}"
EndProject
Global
	GlobalSection(SolutionConfigurationPlatforms) = preSolution
		Debug|Any CPU = Debug|Any CPU
		Release|Any CPU = Release|Any CPU
	EndGlobalSection
	GlobalSection(ProjectConfigurationPlatforms) = postSolution
		{F75F859A-B49D-4918-9EEE-DD1F5BE671B7}.Debug|Any CPU.ActiveCfg = Debug|Any CPU
		{F75F859A-B49D-4918-9EEE-DD1F5BE671B7}.Debug|Any CPU.Build.0 = Debug|Any CPU
		{F75F859A-B49D-4918-9EEE-DD1F5BE671B7}.Release|Any CPU.ActiveCfg = Release|Any CPU
		{F75F859A-B49D-4918-9EEE-DD1F5BE671B7}.Release|Any CPU.Build.0 = Release|Any CPU
	EndGlobalSection
	GlobalSection(SolutionProperties) = preSolution
		HideSolutionNode = FALSE
	EndGlobalSection
	GlobalSection(ExtensibilityGlobals) = postSolution
		SolutionGuid = {260967B4-B36B-448A-A85C-50C6CCDDCCDE}
	EndGlobalSection
EndGlobal
