
Microsoft Visual Studio Solution File, Format Version 12.00
# Visual Studio 15
VisualStudioVersion = 15.0.27004.2009
MinimumVisualStudioVersion = 10.0.40219.1
Project("{FAE04EC0-301F-11D3-BF4B-00C04F79EFBC}") = "excel497", "excel497\excel497.csproj", "{1447E9B8-29DB-47C3-835F-1DC2E253C768}"
EndProject
Global
	GlobalSection(SolutionConfigurationPlatforms) = preSolution
		Debug|Any CPU = Debug|Any CPU
		Release|Any CPU = Release|Any CPU
	EndGlobalSection
	GlobalSection(ProjectConfigurationPlatforms) = postSolution
		{1447E9B8-29DB-47C3-835F-1DC2E253C768}.Debug|Any CPU.ActiveCfg = Debug|Any CPU
		{1447E9B8-29DB-47C3-835F-1DC2E253C768}.Debug|Any CPU.Build.0 = Debug|Any CPU
		{1447E9B8-29DB-47C3-835F-1DC2E253C768}.Release|Any CPU.ActiveCfg = Release|Any CPU
		{1447E9B8-29DB-47C3-835F-1DC2E253C768}.Release|Any CPU.Build.0 = Release|Any CPU
	EndGlobalSection
	GlobalSection(SolutionProperties) = preSolution
		HideSolutionNode = FALSE
	EndGlobalSection
	GlobalSection(ExtensibilityGlobals) = postSolution
		SolutionGuid = {ACD8B6CD-5067-4C2E-A3A1-99DD60900E78}
	EndGlobalSection
EndGlobal
