
Microsoft Visual Studio Solution File, Format Version 12.00
# Visual Studio 15
VisualStudioVersion = 15.0.26730.16
MinimumVisualStudioVersion = 10.0.40219.1
Project("{FAE04EC0-301F-11D3-BF4B-00C04F79EFBC}") = "pg152", "pg152\pg152.csproj", "{C9D1596B-0684-460E-ADF4-F66527A304B3}"
EndProject
Global
	GlobalSection(SolutionConfigurationPlatforms) = preSolution
		Debug|Any CPU = Debug|Any CPU
		Release|Any CPU = Release|Any CPU
	EndGlobalSection
	GlobalSection(ProjectConfigurationPlatforms) = postSolution
		{C9D1596B-0684-460E-ADF4-F66527A304B3}.Debug|Any CPU.ActiveCfg = Debug|Any CPU
		{C9D1596B-0684-460E-ADF4-F66527A304B3}.Debug|Any CPU.Build.0 = Debug|Any CPU
		{C9D1596B-0684-460E-ADF4-F66527A304B3}.Release|Any CPU.ActiveCfg = Release|Any CPU
		{C9D1596B-0684-460E-ADF4-F66527A304B3}.Release|Any CPU.Build.0 = Release|Any CPU
	EndGlobalSection
	GlobalSection(SolutionProperties) = preSolution
		HideSolutionNode = FALSE
	EndGlobalSection
	GlobalSection(ExtensibilityGlobals) = postSolution
		SolutionGuid = {C69CE770-71F2-4FD3-A418-9D5C2E0074D9}
	EndGlobalSection
EndGlobal
