
Microsoft Visual Studio Solution File, Format Version 12.00
# Visual Studio 15
VisualStudioVersion = 15.0.27130.2010
MinimumVisualStudioVersion = 10.0.40219.1
Project("{FAE04EC0-301F-11D3-BF4B-00C04F79EFBC}") = "web467", "web467\web467.csproj", "{981D3ED9-30F5-49F0-9381-4CC195502D7A}"
EndProject
Global
	GlobalSection(SolutionConfigurationPlatforms) = preSolution
		Debug|Any CPU = Debug|Any CPU
		Release|Any CPU = Release|Any CPU
	EndGlobalSection
	GlobalSection(ProjectConfigurationPlatforms) = postSolution
		{981D3ED9-30F5-49F0-9381-4CC195502D7A}.Debug|Any CPU.ActiveCfg = Debug|Any CPU
		{981D3ED9-30F5-49F0-9381-4CC195502D7A}.Debug|Any CPU.Build.0 = Debug|Any CPU
		{981D3ED9-30F5-49F0-9381-4CC195502D7A}.Release|Any CPU.ActiveCfg = Release|Any CPU
		{981D3ED9-30F5-49F0-9381-4CC195502D7A}.Release|Any CPU.Build.0 = Release|Any CPU
	EndGlobalSection
	GlobalSection(SolutionProperties) = preSolution
		HideSolutionNode = FALSE
	EndGlobalSection
	GlobalSection(ExtensibilityGlobals) = postSolution
		SolutionGuid = {3382FC6B-4801-444E-B8D3-4000D4CB8631}
	EndGlobalSection
EndGlobal
