
Microsoft Visual Studio Solution File, Format Version 12.00
# Visual Studio 15
VisualStudioVersion = 15.0.26730.16
MinimumVisualStudioVersion = 10.0.40219.1
Project("{FAE04EC0-301F-11D3-BF4B-00C04F79EFBC}") = "db260", "db260\db260.csproj", "{EA746AEF-DCEA-4138-A2E7-9E19050C5DCE}"
EndProject
Global
	GlobalSection(SolutionConfigurationPlatforms) = preSolution
		Debug|Any CPU = Debug|Any CPU
		Release|Any CPU = Release|Any CPU
	EndGlobalSection
	GlobalSection(ProjectConfigurationPlatforms) = postSolution
		{EA746AEF-DCEA-4138-A2E7-9E19050C5DCE}.Debug|Any CPU.ActiveCfg = Debug|Any CPU
		{EA746AEF-DCEA-4138-A2E7-9E19050C5DCE}.Debug|Any CPU.Build.0 = Debug|Any CPU
		{EA746AEF-DCEA-4138-A2E7-9E19050C5DCE}.Release|Any CPU.ActiveCfg = Release|Any CPU
		{EA746AEF-DCEA-4138-A2E7-9E19050C5DCE}.Release|Any CPU.Build.0 = Release|Any CPU
	EndGlobalSection
	GlobalSection(SolutionProperties) = preSolution
		HideSolutionNode = FALSE
	EndGlobalSection
	GlobalSection(ExtensibilityGlobals) = postSolution
		SolutionGuid = {DBD6651F-AEC8-4C61-8B38-41837F86C25B}
	EndGlobalSection
EndGlobal
