
Microsoft Visual Studio Solution File, Format Version 12.00
# Visual Studio 15
VisualStudioVersion = 15.0.26730.16
MinimumVisualStudioVersion = 10.0.40219.1
Project("{FAE04EC0-301F-11D3-BF4B-00C04F79EFBC}") = "app478", "app478\app478.csproj", "{DC149FA8-B371-4EA9-B1BE-D1551B8C911C}"
EndProject
Global
	GlobalSection(SolutionConfigurationPlatforms) = preSolution
		Debug|Any CPU = Debug|Any CPU
		Release|Any CPU = Release|Any CPU
	EndGlobalSection
	GlobalSection(ProjectConfigurationPlatforms) = postSolution
		{DC149FA8-B371-4EA9-B1BE-D1551B8C911C}.Debug|Any CPU.ActiveCfg = Debug|Any CPU
		{DC149FA8-B371-4EA9-B1BE-D1551B8C911C}.Debug|Any CPU.Build.0 = Debug|Any CPU
		{DC149FA8-B371-4EA9-B1BE-D1551B8C911C}.Release|Any CPU.ActiveCfg = Release|Any CPU
		{DC149FA8-B371-4EA9-B1BE-D1551B8C911C}.Release|Any CPU.Build.0 = Release|Any CPU
	EndGlobalSection
	GlobalSection(SolutionProperties) = preSolution
		HideSolutionNode = FALSE
	EndGlobalSection
	GlobalSection(ExtensibilityGlobals) = postSolution
		SolutionGuid = {0969C80E-02BB-457F-8A1F-2D826C8D3C8C}
	EndGlobalSection
EndGlobal
