
Microsoft Visual Studio Solution File, Format Version 12.00
# Visual Studio 15
VisualStudioVersion = 15.0.27004.2009
MinimumVisualStudioVersion = 10.0.40219.1
Project("{2150E333-8FDC-42A3-9474-1A3956D46DE8}") = "src", "src", "{22838B9E-E71F-4489-9897-11DC14C654D7}"
EndProject
Project("{2150E333-8FDC-42A3-9474-1A3956D46DE8}") = "Solution Items", "Solution Items", "{2E3B89EA-6C03-4E09-AABF-66A92C98521D}"
EndProject
Project("{FAE04EC0-301F-11D3-BF4B-00C04F79EFBC}") = "netcl", "netcl\netcl.csproj", "{2E2C5E93-C573-4D18-A7B7-DC976DCC3B2C}"
EndProject
Project("{FAE04EC0-301F-11D3-BF4B-00C04F79EFBC}") = "netsv", "netsv\netsv.csproj", "{DC0B0E03-742B-42AE-8CCE-9009BCF3EB51}"
EndProject
Global
	GlobalSection(SolutionConfigurationPlatforms) = preSolution
		Debug|Any CPU = Debug|Any CPU
		Release|Any CPU = Release|Any CPU
	EndGlobalSection
	GlobalSection(ProjectConfigurationPlatforms) = postSolution
		{2E2C5E93-C573-4D18-A7B7-DC976DCC3B2C}.Debug|Any CPU.ActiveCfg = Debug|Any CPU
		{2E2C5E93-C573-4D18-A7B7-DC976DCC3B2C}.Debug|Any CPU.Build.0 = Debug|Any CPU
		{2E2C5E93-C573-4D18-A7B7-DC976DCC3B2C}.Release|Any CPU.ActiveCfg = Release|Any CPU
		{2E2C5E93-C573-4D18-A7B7-DC976DCC3B2C}.Release|Any CPU.Build.0 = Release|Any CPU
		{DC0B0E03-742B-42AE-8CCE-9009BCF3EB51}.Debug|Any CPU.ActiveCfg = Debug|Any CPU
		{DC0B0E03-742B-42AE-8CCE-9009BCF3EB51}.Debug|Any CPU.Build.0 = Debug|Any CPU
		{DC0B0E03-742B-42AE-8CCE-9009BCF3EB51}.Release|Any CPU.ActiveCfg = Release|Any CPU
		{DC0B0E03-742B-42AE-8CCE-9009BCF3EB51}.Release|Any CPU.Build.0 = Release|Any CPU
	EndGlobalSection
	GlobalSection(SolutionProperties) = preSolution
		HideSolutionNode = FALSE
	EndGlobalSection
	GlobalSection(NestedProjects) = preSolution
		{2E2C5E93-C573-4D18-A7B7-DC976DCC3B2C} = {22838B9E-E71F-4489-9897-11DC14C654D7}
		{DC0B0E03-742B-42AE-8CCE-9009BCF3EB51} = {22838B9E-E71F-4489-9897-11DC14C654D7}
	EndGlobalSection
	GlobalSection(ExtensibilityGlobals) = postSolution
		SolutionGuid = {753F01C9-EADD-41A4-BD3E-FD4291575659}
	EndGlobalSection
EndGlobal
