
Microsoft Visual Studio Solution File, Format Version 12.00
# Visual Studio 15
VisualStudioVersion = 15.0.27130.2027
MinimumVisualStudioVersion = 10.0.40219.1
Project("{FAE04EC0-301F-11D3-BF4B-00C04F79EFBC}") = "ui100", "ui100\ui100.csproj", "{9A9A9783-6418-42A8-9437-06F78A45DE38}"
EndProject
Global
	GlobalSection(SolutionConfigurationPlatforms) = preSolution
		Debug|Any CPU = Debug|Any CPU
		Release|Any CPU = Release|Any CPU
	EndGlobalSection
	GlobalSection(ProjectConfigurationPlatforms) = postSolution
		{9A9A9783-6418-42A8-9437-06F78A45DE38}.Debug|Any CPU.ActiveCfg = Debug|Any CPU
		{9A9A9783-6418-42A8-9437-06F78A45DE38}.Debug|Any CPU.Build.0 = Debug|Any CPU
		{9A9A9783-6418-42A8-9437-06F78A45DE38}.Release|Any CPU.ActiveCfg = Release|Any CPU
		{9A9A9783-6418-42A8-9437-06F78A45DE38}.Release|Any CPU.Build.0 = Release|Any CPU
	EndGlobalSection
	GlobalSection(SolutionProperties) = preSolution
		HideSolutionNode = FALSE
	EndGlobalSection
	GlobalSection(ExtensibilityGlobals) = postSolution
		SolutionGuid = {16093568-97F5-4A5D-B978-DD25DF9713DF}
	EndGlobalSection
EndGlobal
