
Microsoft Visual Studio Solution File, Format Version 12.00
# Visual Studio 15
VisualStudioVersion = 15.0.26730.16
MinimumVisualStudioVersion = 10.0.40219.1
Project("{FAE04EC0-301F-11D3-BF4B-00C04F79EFBC}") = "wpf396", "wpf396\wpf396.csproj", "{1AAB5C9F-8FFF-4BFF-BC71-ACC724775005}"
EndProject
Global
	GlobalSection(SolutionConfigurationPlatforms) = preSolution
		Debug|Any CPU = Debug|Any CPU
		Release|Any CPU = Release|Any CPU
	EndGlobalSection
	GlobalSection(ProjectConfigurationPlatforms) = postSolution
		{1AAB5C9F-8FFF-4BFF-BC71-ACC724775005}.Debug|Any CPU.ActiveCfg = Debug|Any CPU
		{1AAB5C9F-8FFF-4BFF-BC71-ACC724775005}.Debug|Any CPU.Build.0 = Debug|Any CPU
		{1AAB5C9F-8FFF-4BFF-BC71-ACC724775005}.Release|Any CPU.ActiveCfg = Release|Any CPU
		{1AAB5C9F-8FFF-4BFF-BC71-ACC724775005}.Release|Any CPU.Build.0 = Release|Any CPU
	EndGlobalSection
	GlobalSection(SolutionProperties) = preSolution
		HideSolutionNode = FALSE
	EndGlobalSection
	GlobalSection(ExtensibilityGlobals) = postSolution
		SolutionGuid = {F8730F65-9C81-497F-BEC1-7E4B635674CB}
	EndGlobalSection
EndGlobal
