
Microsoft Visual Studio Solution File, Format Version 12.00
# Visual Studio 15
VisualStudioVersion = 15.0.26730.16
MinimumVisualStudioVersion = 10.0.40219.1
Project("{FAE04EC0-301F-11D3-BF4B-00C04F79EFBC}") = "debug331", "debug331\debug331.csproj", "{FFD6B525-E2AC-4099-B845-38451478BFC0}"
EndProject
Global
	GlobalSection(SolutionConfigurationPlatforms) = preSolution
		Debug|Any CPU = Debug|Any CPU
		Release|Any CPU = Release|Any CPU
	EndGlobalSection
	GlobalSection(ProjectConfigurationPlatforms) = postSolution
		{FFD6B525-E2AC-4099-B845-38451478BFC0}.Debug|Any CPU.ActiveCfg = Debug|Any CPU
		{FFD6B525-E2AC-4099-B845-38451478BFC0}.Debug|Any CPU.Build.0 = Debug|Any CPU
		{FFD6B525-E2AC-4099-B845-38451478BFC0}.Release|Any CPU.ActiveCfg = Release|Any CPU
		{FFD6B525-E2AC-4099-B845-38451478BFC0}.Release|Any CPU.Build.0 = Release|Any CPU
	EndGlobalSection
	GlobalSection(SolutionProperties) = preSolution
		HideSolutionNode = FALSE
	EndGlobalSection
	GlobalSection(ExtensibilityGlobals) = postSolution
		SolutionGuid = {3B95C064-AC02-47F8-BD61-261D1590557B}
	EndGlobalSection
EndGlobal
