
Microsoft Visual Studio Solution File, Format Version 12.00
# Visual Studio 15
VisualStudioVersion = 15.0.27004.2009
MinimumVisualStudioVersion = 10.0.40219.1
Project("{FAE04EC0-301F-11D3-BF4B-00C04F79EFBC}") = "web446", "web446\web446.csproj", "{8840E543-C512-49D6-8938-3DDED1B6758F}"
EndProject
Global
	GlobalSection(SolutionConfigurationPlatforms) = preSolution
		Debug|Any CPU = Debug|Any CPU
		Release|Any CPU = Release|Any CPU
	EndGlobalSection
	GlobalSection(ProjectConfigurationPlatforms) = postSolution
		{8840E543-C512-49D6-8938-3DDED1B6758F}.Debug|Any CPU.ActiveCfg = Debug|Any CPU
		{8840E543-C512-49D6-8938-3DDED1B6758F}.Debug|Any CPU.Build.0 = Debug|Any CPU
		{8840E543-C512-49D6-8938-3DDED1B6758F}.Release|Any CPU.ActiveCfg = Release|Any CPU
		{8840E543-C512-49D6-8938-3DDED1B6758F}.Release|Any CPU.Build.0 = Release|Any CPU
	EndGlobalSection
	GlobalSection(SolutionProperties) = preSolution
		HideSolutionNode = FALSE
	EndGlobalSection
	GlobalSection(ExtensibilityGlobals) = postSolution
		SolutionGuid = {F638A83C-D17B-441F-B9C7-A8E60C16F496}
	EndGlobalSection
EndGlobal
